// !$*UTF8*$!
{
	archiveVersion = 1;
	classes = {
	};
	objectVersion = 46;
	objects = {

/* Begin PBXBuildFile section */
		00E356F31AD99517003FC87E /* kiratakipasistanTests.m in Sources */ = {isa = PBXBuildFile; fileRef = 00E356F21AD99517003FC87E /* kiratakipasistanTests.m */; };
		00F0FF16B6C24ABEB9E4D121 /* Exo2.0-Thin.otf in Resources */ = {isa = PBXBuildFile; fileRef = D3E81EFF19674B86B9176D1F /* Exo2.0-Thin.otf */; };
		03006754C0E24EBBB4E814A1 /* Exo2.0-ExtraBoldItalic.otf in Resources */ = {isa = PBXBuildFile; fileRef = 7DA12A71748D4315884A4F49 /* Exo2.0-ExtraBoldItalic.otf */; };
		0367D06A7B034B7AB2EC7635 /* Exo2.0-Regular.ttf in Resources */ = {isa = PBXBuildFile; fileRef = 258C6FB1988C43D2A5FBEC1B /* Exo2.0-Regular.ttf */; };
		0B0BFB0D03E448D181F699AC /* Exo2.0-BlackItalic.ttf in Resources */ = {isa = PBXBuildFile; fileRef = 68E25B08F7464473A330B586 /* Exo2.0-BlackItalic.ttf */; };
		13B07FBC1A68108700A75B9A /* AppDelegate.m in Sources */ = {isa = PBXBuildFile; fileRef = 13B07FB01A68108700A75B9A /* AppDelegate.m */; };
		13B07FBF1A68108700A75B9A /* Images.xcassets in Resources */ = {isa = PBXBuildFile; fileRef = 13B07FB51A68108700A75B9A /* Images.xcassets */; };
		13B07FC11A68108700A75B9A /* main.m in Sources */ = {isa = PBXBuildFile; fileRef = 13B07FB71A68108700A75B9A /* main.m */; };
		1518D24763C042F09D51B8C4 /* Exo2.0-SemiBold.ttf in Resources */ = {isa = PBXBuildFile; fileRef = 00D30DF839D444AB8333427C /* Exo2.0-SemiBold.ttf */; };
		18F470856C2D47F4A7566B39 /* Exo2.0-ExtraBoldItalic.ttf in Resources */ = {isa = PBXBuildFile; fileRef = C5F42D56AB5347C1BF48D089 /* Exo2.0-ExtraBoldItalic.ttf */; };
		203323C76E4948CA9FB2A0B1 /* Exo2.0-BlackItalic.otf in Resources */ = {isa = PBXBuildFile; fileRef = 65CFDB1F96E646FAB2C35269 /* Exo2.0-BlackItalic.otf */; };
		2A4E8BBD0F0646568EFA59AF /* Exo2.0-Medium.ttf in Resources */ = {isa = PBXBuildFile; fileRef = 84C9B405DEA54C0DA32D68BE /* Exo2.0-Medium.ttf */; };
		2D02E4BC1E0B4A80006451C7 /* AppDelegate.m in Sources */ = {isa = PBXBuildFile; fileRef = 13B07FB01A68108700A75B9A /* AppDelegate.m */; };
		2D02E4BD1E0B4A84006451C7 /* Images.xcassets in Resources */ = {isa = PBXBuildFile; fileRef = 13B07FB51A68108700A75B9A /* Images.xcassets */; };
		2D02E4BF1E0B4AB3006451C7 /* main.m in Sources */ = {isa = PBXBuildFile; fileRef = 13B07FB71A68108700A75B9A /* main.m */; };
		2DCD954D1E0B4F2C00145EB5 /* kiratakipasistanTests.m in Sources */ = {isa = PBXBuildFile; fileRef = 00E356F21AD99517003FC87E /* kiratakipasistanTests.m */; };
		36482C3593C44CF3802D440A /* Exo2.0-Bold.otf in Resources */ = {isa = PBXBuildFile; fileRef = 5B18CAECCBF04478AB290CC0 /* Exo2.0-Bold.otf */; };
		39B879CACCA84E138D4D92DE /* Exo2.0-ExtraLightItalic.otf in Resources */ = {isa = PBXBuildFile; fileRef = FBBCECEC5CA845DAA0DE7518 /* Exo2.0-ExtraLightItalic.otf */; };
		4020462532994E6EB68E8421 /* Exo2.0-BoldItalic.ttf in Resources */ = {isa = PBXBuildFile; fileRef = C5911C86E04A4EE9B444FD0A /* Exo2.0-BoldItalic.ttf */; };
		44B4EE1CD24E4822BF3F3A86 /* Exo2.0-MediumItalic.ttf in Resources */ = {isa = PBXBuildFile; fileRef = FE3FC82120A74CA79FAB58C1 /* Exo2.0-MediumItalic.ttf */; };
		45444B79DD584BB9AF70546A /* Exo2.0-SemiBold.otf in Resources */ = {isa = PBXBuildFile; fileRef = 3F544FDCBE514FACAB46E332 /* Exo2.0-SemiBold.otf */; };
		47ED93D066404E739B35114D /* Exo2.0-LightItalic.ttf in Resources */ = {isa = PBXBuildFile; fileRef = 0C3484F2B358408A98C776A3 /* Exo2.0-LightItalic.ttf */; };
		4B284D62836B4F16BE42B231 /* Exo2.0-Regular.otf in Resources */ = {isa = PBXBuildFile; fileRef = 7655BD3969F34D2499193E14 /* Exo2.0-Regular.otf */; };
		53E1F7E94885D6EDB303912B /* libPods-kiratakipasistan.a in Frameworks */ = {isa = PBXBuildFile; fileRef = 19B1A108EAD5FA464E64B13B /* libPods-kiratakipasistan.a */; };
		57811149D6B8458DBB9E1467 /* Exo2.0-Black.ttf in Resources */ = {isa = PBXBuildFile; fileRef = 9C6219B577154D569728D2D3 /* Exo2.0-Black.ttf */; };
		66AE1D66DBD0412C85E11980 /* Exo2.0-Italic.otf in Resources */ = {isa = PBXBuildFile; fileRef = C518EA95A8EF4B6BAE45C66B /* Exo2.0-Italic.otf */; };
		7EBCC6E1945E44F29A13E7C3 /* Exo2.0-Light.ttf in Resources */ = {isa = PBXBuildFile; fileRef = F047E40FCFFC465D88DE320F /* Exo2.0-Light.ttf */; };
		81AB9BB82411601600AC10FF /* LaunchScreen.storyboard in Resources */ = {isa = PBXBuildFile; fileRef = 81AB9BB72411601600AC10FF /* LaunchScreen.storyboard */; };
		8C70B0A7605C4782904485BC /* Exo2.0-MediumItalic.otf in Resources */ = {isa = PBXBuildFile; fileRef = DDB968DB5B6A475EBF384F21 /* Exo2.0-MediumItalic.otf */; };
		95F8779D3D1146F0BF889709 /* Exo2.0-ExtraLight.ttf in Resources */ = {isa = PBXBuildFile; fileRef = 0B0160D54472463BB37472CD /* Exo2.0-ExtraLight.ttf */; };
		9A403FD645EB4D7B93821321 /* Exo2.0-ExtraBold.otf in Resources */ = {isa = PBXBuildFile; fileRef = 92D983A17A3647D080C14442 /* Exo2.0-ExtraBold.otf */; };
		9D5E3AE21A574489AB40BB5D /* Exo2.0-Light.otf in Resources */ = {isa = PBXBuildFile; fileRef = 5539C0637BDA48B19D650AA5 /* Exo2.0-Light.otf */; };
		9ED5A999378A434FBF79F4E3 /* Exo2.0-BoldItalic.otf in Resources */ = {isa = PBXBuildFile; fileRef = 148C7A6FDAA44420878EBCA8 /* Exo2.0-BoldItalic.otf */; };
		AADF8F871431E35C29886DA7 /* libPods-kiratakipasistan-tvOSTests.a in Frameworks */ = {isa = PBXBuildFile; fileRef = 7AF691EE0181A303DA8E0B05 /* libPods-kiratakipasistan-tvOSTests.a */; };
		B1198D4948F4B0E095D7451C /* libPods-kiratakipasistan-tvOS.a in Frameworks */ = {isa = PBXBuildFile; fileRef = 5823385CEBCE47B4176D59DA /* libPods-kiratakipasistan-tvOS.a */; };
		B41108CAC281446F9C550D34 /* Exo2.0-ThinItalic.otf in Resources */ = {isa = PBXBuildFile; fileRef = 7AE19C082CF0405889DA8820 /* Exo2.0-ThinItalic.otf */; };
		BAC034A6983C454A9A3BB874 /* Exo2.0-LightItalic.otf in Resources */ = {isa = PBXBuildFile; fileRef = D25C2853F16F4D4A8551DF02 /* Exo2.0-LightItalic.otf */; };
		BFAA24AFDAC74302827E5925 /* Exo2.0-ExtraLight.otf in Resources */ = {isa = PBXBuildFile; fileRef = E44B9D1907D04AD7A6FC3189 /* Exo2.0-ExtraLight.otf */; };
		C5CECEB12D7E4A03A7A2ADC9 /* Exo2.0-Thin.ttf in Resources */ = {isa = PBXBuildFile; fileRef = FD47C1CBCA3F409C8CEC9632 /* Exo2.0-Thin.ttf */; };
		CC0FB6FF18C6602FE1076D66 /* libPods-kiratakipasistan-kiratakipasistanTests.a in Frameworks */ = {isa = PBXBuildFile; fileRef = 2B305964A353C2BE629A68B6 /* libPods-kiratakipasistan-kiratakipasistanTests.a */; };
		CF848DF7D61F49478ECE40F3 /* Exo2.0-SemiBoldItalic.otf in Resources */ = {isa = PBXBuildFile; fileRef = 9399B95C72104E1CAF84E134 /* Exo2.0-SemiBoldItalic.otf */; };
		D4F416C4D030487EAA71A4F2 /* Exo2.0-Italic.ttf in Resources */ = {isa = PBXBuildFile; fileRef = 3275957396294633B931DFCD /* Exo2.0-Italic.ttf */; };
		D8645855951944AC9BFA759B /* Exo2.0-SemiBoldItalic.ttf in Resources */ = {isa = PBXBuildFile; fileRef = B8195E89B4EB473D9C150ADB /* Exo2.0-SemiBoldItalic.ttf */; };
		DABE187F86164A3487E2746B /* Exo2.0-ExtraLightItalic.ttf in Resources */ = {isa = PBXBuildFile; fileRef = B94DBAA793F84EA8AB43365A /* Exo2.0-ExtraLightItalic.ttf */; };
		DB40B1BF54C34550A9F26FDF /* Exo2.0-Medium.otf in Resources */ = {isa = PBXBuildFile; fileRef = ADCBEBED40A347309A18A6CC /* Exo2.0-Medium.otf */; };
		E46CCBD058B248EF966D2B97 /* Exo2.0-ThinItalic.ttf in Resources */ = {isa = PBXBuildFile; fileRef = 9B96DFD497B142AB97781931 /* Exo2.0-ThinItalic.ttf */; };
		E5D83E1CEF264A05B868C62C /* Exo2.0-Bold.ttf in Resources */ = {isa = PBXBuildFile; fileRef = 05CB3B7AD2C14500BECBE0D2 /* Exo2.0-Bold.ttf */; };
		F68E203E259920F70075CBB4 /* NetworkExtension.framework in Frameworks */ = {isa = PBXBuildFile; fileRef = F68E203D259920F70075CBB4 /* NetworkExtension.framework */; };
		F6AA9BA325995C5C008BD5AD /* QBImagePicker.storyboard in Resources */ = {isa = PBXBuildFile; fileRef = F6AA9BA225995C5C008BD5AD /* QBImagePicker.storyboard */; };
		FD8109F580FA425DB0D7D2F4 /* Exo2.0-Black.otf in Resources */ = {isa = PBXBuildFile; fileRef = 07D0CC0A90F1449C8688A22F /* Exo2.0-Black.otf */; };
		FEEDEB2E88124DA3980C1E5D /* Exo2.0-ExtraBold.ttf in Resources */ = {isa = PBXBuildFile; fileRef = 0E73C3AACFEC4A179152F81F /* Exo2.0-ExtraBold.ttf */; };
/* End PBXBuildFile section */

/* Begin PBXContainerItemProxy section */
		00E356F41AD99517003FC87E /* PBXContainerItemProxy */ = {
			isa = PBXContainerItemProxy;
			containerPortal = 83CBB9F71A601CBA00E9B192 /* Project object */;
			proxyType = 1;
			remoteGlobalIDString = 13B07F861A680F5B00A75B9A;
			remoteInfo = kiratakipasistan;
		};
		2D02E4911E0B4A5D006451C7 /* PBXContainerItemProxy */ = {
			isa = PBXContainerItemProxy;
			containerPortal = 83CBB9F71A601CBA00E9B192 /* Project object */;
			proxyType = 1;
			remoteGlobalIDString = 2D02E47A1E0B4A5D006451C7;
			remoteInfo = "kiratakipasistan-tvOS";
		};
/* End PBXContainerItemProxy section */

/* Begin PBXFileReference section */
		008F07F21AC5B25A0029DE68 /* main.jsbundle */ = {isa = PBXFileReference; fileEncoding = 4; lastKnownFileType = text; path = main.jsbundle; sourceTree = "<group>"; };
		00D30DF839D444AB8333427C /* Exo2.0-SemiBold.ttf */ = {isa = PBXFileReference; explicitFileType = undefined; fileEncoding = 9; includeInIndex = 0; lastKnownFileType = unknown; name = "Exo2.0-SemiBold.ttf"; path = "../app/Assets/Fonts/Exo2.0-SemiBold.ttf"; sourceTree = "<group>"; };
		00E356EE1AD99517003FC87E /* kiratakipasistanTests.xctest */ = {isa = PBXFileReference; explicitFileType = wrapper.cfbundle; includeInIndex = 0; path = kiratakipasistanTests.xctest; sourceTree = BUILT_PRODUCTS_DIR; };
		00E356F11AD99517003FC87E /* Info.plist */ = {isa = PBXFileReference; lastKnownFileType = text.plist.xml; path = Info.plist; sourceTree = "<group>"; };
		00E356F21AD99517003FC87E /* kiratakipasistanTests.m */ = {isa = PBXFileReference; lastKnownFileType = sourcecode.c.objc; path = kiratakipasistanTests.m; sourceTree = "<group>"; };
		05CB3B7AD2C14500BECBE0D2 /* Exo2.0-Bold.ttf */ = {isa = PBXFileReference; explicitFileType = undefined; fileEncoding = 9; includeInIndex = 0; lastKnownFileType = unknown; name = "Exo2.0-Bold.ttf"; path = "../app/Assets/Fonts/Exo2.0-Bold.ttf"; sourceTree = "<group>"; };
		07D0CC0A90F1449C8688A22F /* Exo2.0-Black.otf */ = {isa = PBXFileReference; explicitFileType = undefined; fileEncoding = 9; includeInIndex = 0; lastKnownFileType = unknown; name = "Exo2.0-Black.otf"; path = "../app/Assets/Fonts/Exo2.0-Black.otf"; sourceTree = "<group>"; };
		0B0160D54472463BB37472CD /* Exo2.0-ExtraLight.ttf */ = {isa = PBXFileReference; explicitFileType = undefined; fileEncoding = 9; includeInIndex = 0; lastKnownFileType = unknown; name = "Exo2.0-ExtraLight.ttf"; path = "../app/Assets/Fonts/Exo2.0-ExtraLight.ttf"; sourceTree = "<group>"; };
		0C3484F2B358408A98C776A3 /* Exo2.0-LightItalic.ttf */ = {isa = PBXFileReference; explicitFileType = undefined; fileEncoding = 9; includeInIndex = 0; lastKnownFileType = unknown; name = "Exo2.0-LightItalic.ttf"; path = "../app/Assets/Fonts/Exo2.0-LightItalic.ttf"; sourceTree = "<group>"; };
		0E73C3AACFEC4A179152F81F /* Exo2.0-ExtraBold.ttf */ = {isa = PBXFileReference; explicitFileType = undefined; fileEncoding = 9; includeInIndex = 0; lastKnownFileType = unknown; name = "Exo2.0-ExtraBold.ttf"; path = "../app/Assets/Fonts/Exo2.0-ExtraBold.ttf"; sourceTree = "<group>"; };
		13B07F961A680F5B00A75B9A /* kiratakipasistan.app */ = {isa = PBXFileReference; explicitFileType = wrapper.application; includeInIndex = 0; path = kiratakipasistan.app; sourceTree = BUILT_PRODUCTS_DIR; };
		13B07FAF1A68108700A75B9A /* AppDelegate.h */ = {isa = PBXFileReference; fileEncoding = 4; lastKnownFileType = sourcecode.c.h; name = AppDelegate.h; path = kiratakipasistan/AppDelegate.h; sourceTree = "<group>"; };
		13B07FB01A68108700A75B9A /* AppDelegate.m */ = {isa = PBXFileReference; fileEncoding = 4; lastKnownFileType = sourcecode.c.objc; name = AppDelegate.m; path = kiratakipasistan/AppDelegate.m; sourceTree = "<group>"; };
		13B07FB51A68108700A75B9A /* Images.xcassets */ = {isa = PBXFileReference; lastKnownFileType = folder.assetcatalog; name = Images.xcassets; path = kiratakipasistan/Images.xcassets; sourceTree = "<group>"; };
		13B07FB61A68108700A75B9A /* Info.plist */ = {isa = PBXFileReference; fileEncoding = 4; lastKnownFileType = text.plist.xml; name = Info.plist; path = kiratakipasistan/Info.plist; sourceTree = "<group>"; };
		13B07FB71A68108700A75B9A /* main.m */ = {isa = PBXFileReference; fileEncoding = 4; lastKnownFileType = sourcecode.c.objc; name = main.m; path = kiratakipasistan/main.m; sourceTree = "<group>"; };
		148C7A6FDAA44420878EBCA8 /* Exo2.0-BoldItalic.otf */ = {isa = PBXFileReference; explicitFileType = undefined; fileEncoding = 9; includeInIndex = 0; lastKnownFileType = unknown; name = "Exo2.0-BoldItalic.otf"; path = "../app/Assets/Fonts/Exo2.0-BoldItalic.otf"; sourceTree = "<group>"; };
		19B1A108EAD5FA464E64B13B /* libPods-kiratakipasistan.a */ = {isa = PBXFileReference; explicitFileType = archive.ar; includeInIndex = 0; path = "libPods-kiratakipasistan.a"; sourceTree = BUILT_PRODUCTS_DIR; };
		1A2A50F8096728E0BA7BA76F /* Pods-kiratakipasistan-tvOS.release.xcconfig */ = {isa = PBXFileReference; includeInIndex = 1; lastKnownFileType = text.xcconfig; name = "Pods-kiratakipasistan-tvOS.release.xcconfig"; path = "Target Support Files/Pods-kiratakipasistan-tvOS/Pods-kiratakipasistan-tvOS.release.xcconfig"; sourceTree = "<group>"; };
		1D654859E7B1C26D0F39107D /* Pods-kiratakipasistan.release.xcconfig */ = {isa = PBXFileReference; includeInIndex = 1; lastKnownFileType = text.xcconfig; name = "Pods-kiratakipasistan.release.xcconfig"; path = "Target Support Files/Pods-kiratakipasistan/Pods-kiratakipasistan.release.xcconfig"; sourceTree = "<group>"; };
		258C6FB1988C43D2A5FBEC1B /* Exo2.0-Regular.ttf */ = {isa = PBXFileReference; explicitFileType = undefined; fileEncoding = 9; includeInIndex = 0; lastKnownFileType = unknown; name = "Exo2.0-Regular.ttf"; path = "../app/Assets/Fonts/Exo2.0-Regular.ttf"; sourceTree = "<group>"; };
		28C1B1FB34224BC4B4535EA7 /* Octicons.ttf */ = {isa = PBXFileReference; explicitFileType = undefined; fileEncoding = 9; includeInIndex = 0; lastKnownFileType = unknown; name = Octicons.ttf; path = "../node_modules/react-native-vector-icons/Fonts/Octicons.ttf"; sourceTree = "<group>"; };
		2B305964A353C2BE629A68B6 /* libPods-kiratakipasistan-kiratakipasistanTests.a */ = {isa = PBXFileReference; explicitFileType = archive.ar; includeInIndex = 0; path = "libPods-kiratakipasistan-kiratakipasistanTests.a"; sourceTree = BUILT_PRODUCTS_DIR; };
		2D02E47B1E0B4A5D006451C7 /* kiratakipasistan-tvOS.app */ = {isa = PBXFileReference; explicitFileType = wrapper.application; includeInIndex = 0; path = "kiratakipasistan-tvOS.app"; sourceTree = BUILT_PRODUCTS_DIR; };
		2D02E4901E0B4A5D006451C7 /* kiratakipasistan-tvOSTests.xctest */ = {isa = PBXFileReference; explicitFileType = wrapper.cfbundle; includeInIndex = 0; path = "kiratakipasistan-tvOSTests.xctest"; sourceTree = BUILT_PRODUCTS_DIR; };
		3275957396294633B931DFCD /* Exo2.0-Italic.ttf */ = {isa = PBXFileReference; explicitFileType = undefined; fileEncoding = 9; includeInIndex = 0; lastKnownFileType = unknown; name = "Exo2.0-Italic.ttf"; path = "../app/Assets/Fonts/Exo2.0-Italic.ttf"; sourceTree = "<group>"; };
		3F544FDCBE514FACAB46E332 /* Exo2.0-SemiBold.otf */ = {isa = PBXFileReference; explicitFileType = undefined; fileEncoding = 9; includeInIndex = 0; lastKnownFileType = unknown; name = "Exo2.0-SemiBold.otf"; path = "../app/Assets/Fonts/Exo2.0-SemiBold.otf"; sourceTree = "<group>"; };
		40A9EBF05329450CA48BB357 /* FontAwesome.ttf */ = {isa = PBXFileReference; explicitFileType = undefined; fileEncoding = 9; includeInIndex = 0; lastKnownFileType = unknown; name = FontAwesome.ttf; path = "../node_modules/react-native-vector-icons/Fonts/FontAwesome.ttf"; sourceTree = "<group>"; };
		45CA21CF216448D6BED14E94 /* EvilIcons.ttf */ = {isa = PBXFileReference; explicitFileType = undefined; fileEncoding = 9; includeInIndex = 0; lastKnownFileType = unknown; name = EvilIcons.ttf; path = "../node_modules/react-native-vector-icons/Fonts/EvilIcons.ttf"; sourceTree = "<group>"; };
		478D580A54471374CB94A56E /* Pods-kiratakipasistan-tvOS.debug.xcconfig */ = {isa = PBXFileReference; includeInIndex = 1; lastKnownFileType = text.xcconfig; name = "Pods-kiratakipasistan-tvOS.debug.xcconfig"; path = "Target Support Files/Pods-kiratakipasistan-tvOS/Pods-kiratakipasistan-tvOS.debug.xcconfig"; sourceTree = "<group>"; };
		4C9A6DAE34A14A3AA6D0E6D6 /* Entypo.ttf */ = {isa = PBXFileReference; explicitFileType = undefined; fileEncoding = 9; includeInIndex = 0; lastKnownFileType = unknown; name = Entypo.ttf; path = "../node_modules/react-native-vector-icons/Fonts/Entypo.ttf"; sourceTree = "<group>"; };
		5539C0637BDA48B19D650AA5 /* Exo2.0-Light.otf */ = {isa = PBXFileReference; explicitFileType = undefined; fileEncoding = 9; includeInIndex = 0; lastKnownFileType = unknown; name = "Exo2.0-Light.otf"; path = "../app/Assets/Fonts/Exo2.0-Light.otf"; sourceTree = "<group>"; };
		5823385CEBCE47B4176D59DA /* libPods-kiratakipasistan-tvOS.a */ = {isa = PBXFileReference; explicitFileType = archive.ar; includeInIndex = 0; path = "libPods-kiratakipasistan-tvOS.a"; sourceTree = BUILT_PRODUCTS_DIR; };
		5B18CAECCBF04478AB290CC0 /* Exo2.0-Bold.otf */ = {isa = PBXFileReference; explicitFileType = undefined; fileEncoding = 9; includeInIndex = 0; lastKnownFileType = unknown; name = "Exo2.0-Bold.otf"; path = "../app/Assets/Fonts/Exo2.0-Bold.otf"; sourceTree = "<group>"; };
		5D4B6E250F08FED968CF79F8 /* Pods-kiratakipasistan-kiratakipasistanTests.debug.xcconfig */ = {isa = PBXFileReference; includeInIndex = 1; lastKnownFileType = text.xcconfig; name = "Pods-kiratakipasistan-kiratakipasistanTests.debug.xcconfig"; path = "Target Support Files/Pods-kiratakipasistan-kiratakipasistanTests/Pods-kiratakipasistan-kiratakipasistanTests.debug.xcconfig"; sourceTree = "<group>"; };
		65CFDB1F96E646FAB2C35269 /* Exo2.0-BlackItalic.otf */ = {isa = PBXFileReference; explicitFileType = undefined; fileEncoding = 9; includeInIndex = 0; lastKnownFileType = unknown; name = "Exo2.0-BlackItalic.otf"; path = "../app/Assets/Fonts/Exo2.0-BlackItalic.otf"; sourceTree = "<group>"; };
		68E25B08F7464473A330B586 /* Exo2.0-BlackItalic.ttf */ = {isa = PBXFileReference; explicitFileType = undefined; fileEncoding = 9; includeInIndex = 0; lastKnownFileType = unknown; name = "Exo2.0-BlackItalic.ttf"; path = "../app/Assets/Fonts/Exo2.0-BlackItalic.ttf"; sourceTree = "<group>"; };
		74F31075B7B5DAC3AE3256D8 /* Pods-kiratakipasistan-kiratakipasistanTests.release.xcconfig */ = {isa = PBXFileReference; includeInIndex = 1; lastKnownFileType = text.xcconfig; name = "Pods-kiratakipasistan-kiratakipasistanTests.release.xcconfig"; path = "Target Support Files/Pods-kiratakipasistan-kiratakipasistanTests/Pods-kiratakipasistan-kiratakipasistanTests.release.xcconfig"; sourceTree = "<group>"; };
		7655BD3969F34D2499193E14 /* Exo2.0-Regular.otf */ = {isa = PBXFileReference; explicitFileType = undefined; fileEncoding = 9; includeInIndex = 0; lastKnownFileType = unknown; name = "Exo2.0-Regular.otf"; path = "../app/Assets/Fonts/Exo2.0-Regular.otf"; sourceTree = "<group>"; };
		771AFE584F9F6520130E4F20 /* Pods-kiratakipasistan.debug.xcconfig */ = {isa = PBXFileReference; includeInIndex = 1; lastKnownFileType = text.xcconfig; name = "Pods-kiratakipasistan.debug.xcconfig"; path = "Target Support Files/Pods-kiratakipasistan/Pods-kiratakipasistan.debug.xcconfig"; sourceTree = "<group>"; };
		7AE19C082CF0405889DA8820 /* Exo2.0-ThinItalic.otf */ = {isa = PBXFileReference; explicitFileType = undefined; fileEncoding = 9; includeInIndex = 0; lastKnownFileType = unknown; name = "Exo2.0-ThinItalic.otf"; path = "../app/Assets/Fonts/Exo2.0-ThinItalic.otf"; sourceTree = "<group>"; };
		7AF691EE0181A303DA8E0B05 /* libPods-kiratakipasistan-tvOSTests.a */ = {isa = PBXFileReference; explicitFileType = archive.ar; includeInIndex = 0; path = "libPods-kiratakipasistan-tvOSTests.a"; sourceTree = BUILT_PRODUCTS_DIR; };
		7DA12A71748D4315884A4F49 /* Exo2.0-ExtraBoldItalic.otf */ = {isa = PBXFileReference; explicitFileType = undefined; fileEncoding = 9; includeInIndex = 0; lastKnownFileType = unknown; name = "Exo2.0-ExtraBoldItalic.otf"; path = "../app/Assets/Fonts/Exo2.0-ExtraBoldItalic.otf"; sourceTree = "<group>"; };
		81AB9BB72411601600AC10FF /* LaunchScreen.storyboard */ = {isa = PBXFileReference; fileEncoding = 4; lastKnownFileType = file.storyboard; name = LaunchScreen.storyboard; path = kiratakipasistan/LaunchScreen.storyboard; sourceTree = "<group>"; };
		841BA5881C0F404BA1916909 /* FontAwesome5_Regular.ttf */ = {isa = PBXFileReference; explicitFileType = undefined; fileEncoding = 9; includeInIndex = 0; lastKnownFileType = unknown; name = FontAwesome5_Regular.ttf; path = "../node_modules/react-native-vector-icons/Fonts/FontAwesome5_Regular.ttf"; sourceTree = "<group>"; };
		84C9B405DEA54C0DA32D68BE /* Exo2.0-Medium.ttf */ = {isa = PBXFileReference; explicitFileType = undefined; fileEncoding = 9; includeInIndex = 0; lastKnownFileType = unknown; name = "Exo2.0-Medium.ttf"; path = "../app/Assets/Fonts/Exo2.0-Medium.ttf"; sourceTree = "<group>"; };
		92D983A17A3647D080C14442 /* Exo2.0-ExtraBold.otf */ = {isa = PBXFileReference; explicitFileType = undefined; fileEncoding = 9; includeInIndex = 0; lastKnownFileType = unknown; name = "Exo2.0-ExtraBold.otf"; path = "../app/Assets/Fonts/Exo2.0-ExtraBold.otf"; sourceTree = "<group>"; };
		9399B95C72104E1CAF84E134 /* Exo2.0-SemiBoldItalic.otf */ = {isa = PBXFileReference; explicitFileType = undefined; fileEncoding = 9; includeInIndex = 0; lastKnownFileType = unknown; name = "Exo2.0-SemiBoldItalic.otf"; path = "../app/Assets/Fonts/Exo2.0-SemiBoldItalic.otf"; sourceTree = "<group>"; };
		95F944F2FFA4E2D8D00758A1 /* Pods-kiratakipasistan-tvOSTests.release.xcconfig */ = {isa = PBXFileReference; includeInIndex = 1; lastKnownFileType = text.xcconfig; name = "Pods-kiratakipasistan-tvOSTests.release.xcconfig"; path = "Target Support Files/Pods-kiratakipasistan-tvOSTests/Pods-kiratakipasistan-tvOSTests.release.xcconfig"; sourceTree = "<group>"; };
		9B96DFD497B142AB97781931 /* Exo2.0-ThinItalic.ttf */ = {isa = PBXFileReference; explicitFileType = undefined; fileEncoding = 9; includeInIndex = 0; lastKnownFileType = unknown; name = "Exo2.0-ThinItalic.ttf"; path = "../app/Assets/Fonts/Exo2.0-ThinItalic.ttf"; sourceTree = "<group>"; };
		9C6219B577154D569728D2D3 /* Exo2.0-Black.ttf */ = {isa = PBXFileReference; explicitFileType = undefined; fileEncoding = 9; includeInIndex = 0; lastKnownFileType = unknown; name = "Exo2.0-Black.ttf"; path = "../app/Assets/Fonts/Exo2.0-Black.ttf"; sourceTree = "<group>"; };
		ADCBEBED40A347309A18A6CC /* Exo2.0-Medium.otf */ = {isa = PBXFileReference; explicitFileType = undefined; fileEncoding = 9; includeInIndex = 0; lastKnownFileType = unknown; name = "Exo2.0-Medium.otf"; path = "../app/Assets/Fonts/Exo2.0-Medium.otf"; sourceTree = "<group>"; };
		B271D94B5EC648AE8476E8D4 /* Fontisto.ttf */ = {isa = PBXFileReference; explicitFileType = undefined; fileEncoding = 9; includeInIndex = 0; lastKnownFileType = unknown; name = Fontisto.ttf; path = "../node_modules/react-native-vector-icons/Fonts/Fontisto.ttf"; sourceTree = "<group>"; };
		B8195E89B4EB473D9C150ADB /* Exo2.0-SemiBoldItalic.ttf */ = {isa = PBXFileReference; explicitFileType = undefined; fileEncoding = 9; includeInIndex = 0; lastKnownFileType = unknown; name = "Exo2.0-SemiBoldItalic.ttf"; path = "../app/Assets/Fonts/Exo2.0-SemiBoldItalic.ttf"; sourceTree = "<group>"; };
		B94DBAA793F84EA8AB43365A /* Exo2.0-ExtraLightItalic.ttf */ = {isa = PBXFileReference; explicitFileType = undefined; fileEncoding = 9; includeInIndex = 0; lastKnownFileType = unknown; name = "Exo2.0-ExtraLightItalic.ttf"; path = "../app/Assets/Fonts/Exo2.0-ExtraLightItalic.ttf"; sourceTree = "<group>"; };
		BB952BD6D6C140BCB632DB2A /* AntDesign.ttf */ = {isa = PBXFileReference; explicitFileType = undefined; fileEncoding = 9; includeInIndex = 0; lastKnownFileType = unknown; name = AntDesign.ttf; path = "../node_modules/react-native-vector-icons/Fonts/AntDesign.ttf"; sourceTree = "<group>"; };
		BC8693EFFA4F6464D8A7A933 /* Pods-kiratakipasistan-tvOSTests.debug.xcconfig */ = {isa = PBXFileReference; includeInIndex = 1; lastKnownFileType = text.xcconfig; name = "Pods-kiratakipasistan-tvOSTests.debug.xcconfig"; path = "Target Support Files/Pods-kiratakipasistan-tvOSTests/Pods-kiratakipasistan-tvOSTests.debug.xcconfig"; sourceTree = "<group>"; };
		BEB01D675BC243D08903AA44 /* FontAwesome5_Solid.ttf */ = {isa = PBXFileReference; explicitFileType = undefined; fileEncoding = 9; includeInIndex = 0; lastKnownFileType = unknown; name = FontAwesome5_Solid.ttf; path = "../node_modules/react-native-vector-icons/Fonts/FontAwesome5_Solid.ttf"; sourceTree = "<group>"; };
		C0D17F7B24C14340920B9697 /* FontAwesome5_Brands.ttf */ = {isa = PBXFileReference; explicitFileType = undefined; fileEncoding = 9; includeInIndex = 0; lastKnownFileType = unknown; name = FontAwesome5_Brands.ttf; path = "../node_modules/react-native-vector-icons/Fonts/FontAwesome5_Brands.ttf"; sourceTree = "<group>"; };
		C25BBF9E12C242BD93BEF395 /* Zocial.ttf */ = {isa = PBXFileReference; explicitFileType = undefined; fileEncoding = 9; includeInIndex = 0; lastKnownFileType = unknown; name = Zocial.ttf; path = "../node_modules/react-native-vector-icons/Fonts/Zocial.ttf"; sourceTree = "<group>"; };
		C518EA95A8EF4B6BAE45C66B /* Exo2.0-Italic.otf */ = {isa = PBXFileReference; explicitFileType = undefined; fileEncoding = 9; includeInIndex = 0; lastKnownFileType = unknown; name = "Exo2.0-Italic.otf"; path = "../app/Assets/Fonts/Exo2.0-Italic.otf"; sourceTree = "<group>"; };
		C5911C86E04A4EE9B444FD0A /* Exo2.0-BoldItalic.ttf */ = {isa = PBXFileReference; explicitFileType = undefined; fileEncoding = 9; includeInIndex = 0; lastKnownFileType = unknown; name = "Exo2.0-BoldItalic.ttf"; path = "../app/Assets/Fonts/Exo2.0-BoldItalic.ttf"; sourceTree = "<group>"; };
		C5F42D56AB5347C1BF48D089 /* Exo2.0-ExtraBoldItalic.ttf */ = {isa = PBXFileReference; explicitFileType = undefined; fileEncoding = 9; includeInIndex = 0; lastKnownFileType = unknown; name = "Exo2.0-ExtraBoldItalic.ttf"; path = "../app/Assets/Fonts/Exo2.0-ExtraBoldItalic.ttf"; sourceTree = "<group>"; };
		CB546CDAEF23426D9C665020 /* Feather.ttf */ = {isa = PBXFileReference; explicitFileType = undefined; fileEncoding = 9; includeInIndex = 0; lastKnownFileType = unknown; name = Feather.ttf; path = "../node_modules/react-native-vector-icons/Fonts/Feather.ttf"; sourceTree = "<group>"; };
		D25C2853F16F4D4A8551DF02 /* Exo2.0-LightItalic.otf */ = {isa = PBXFileReference; explicitFileType = undefined; fileEncoding = 9; includeInIndex = 0; lastKnownFileType = unknown; name = "Exo2.0-LightItalic.otf"; path = "../app/Assets/Fonts/Exo2.0-LightItalic.otf"; sourceTree = "<group>"; };
		D3E81EFF19674B86B9176D1F /* Exo2.0-Thin.otf */ = {isa = PBXFileReference; explicitFileType = undefined; fileEncoding = 9; includeInIndex = 0; lastKnownFileType = unknown; name = "Exo2.0-Thin.otf"; path = "../app/Assets/Fonts/Exo2.0-Thin.otf"; sourceTree = "<group>"; };
		D3FD5CA9168F493F9425DA8C /* Ionicons.ttf */ = {isa = PBXFileReference; explicitFileType = undefined; fileEncoding = 9; includeInIndex = 0; lastKnownFileType = unknown; name = Ionicons.ttf; path = "../node_modules/react-native-vector-icons/Fonts/Ionicons.ttf"; sourceTree = "<group>"; };
		D848EFEB5DA943F09DAF85BA /* MaterialCommunityIcons.ttf */ = {isa = PBXFileReference; explicitFileType = undefined; fileEncoding = 9; includeInIndex = 0; lastKnownFileType = unknown; name = MaterialCommunityIcons.ttf; path = "../node_modules/react-native-vector-icons/Fonts/MaterialCommunityIcons.ttf"; sourceTree = "<group>"; };
		DDB968DB5B6A475EBF384F21 /* Exo2.0-MediumItalic.otf */ = {isa = PBXFileReference; explicitFileType = undefined; fileEncoding = 9; includeInIndex = 0; lastKnownFileType = unknown; name = "Exo2.0-MediumItalic.otf"; path = "../app/Assets/Fonts/Exo2.0-MediumItalic.otf"; sourceTree = "<group>"; };
		E44B9D1907D04AD7A6FC3189 /* Exo2.0-ExtraLight.otf */ = {isa = PBXFileReference; explicitFileType = undefined; fileEncoding = 9; includeInIndex = 0; lastKnownFileType = unknown; name = "Exo2.0-ExtraLight.otf"; path = "../app/Assets/Fonts/Exo2.0-ExtraLight.otf"; sourceTree = "<group>"; };
		ED297162215061F000B7C4FE /* JavaScriptCore.framework */ = {isa = PBXFileReference; lastKnownFileType = wrapper.framework; name = JavaScriptCore.framework; path = System/Library/Frameworks/JavaScriptCore.framework; sourceTree = SDKROOT; };
		ED2971642150620600B7C4FE /* JavaScriptCore.framework */ = {isa = PBXFileReference; lastKnownFileType = wrapper.framework; name = JavaScriptCore.framework; path = Platforms/AppleTVOS.platform/Developer/SDKs/AppleTVOS12.0.sdk/System/Library/Frameworks/JavaScriptCore.framework; sourceTree = DEVELOPER_DIR; };
		F047E40FCFFC465D88DE320F /* Exo2.0-Light.ttf */ = {isa = PBXFileReference; explicitFileType = undefined; fileEncoding = 9; includeInIndex = 0; lastKnownFileType = unknown; name = "Exo2.0-Light.ttf"; path = "../app/Assets/Fonts/Exo2.0-Light.ttf"; sourceTree = "<group>"; };
		F395C9293C9040248F51BCBF /* MaterialIcons.ttf */ = {isa = PBXFileReference; explicitFileType = undefined; fileEncoding = 9; includeInIndex = 0; lastKnownFileType = unknown; name = MaterialIcons.ttf; path = "../node_modules/react-native-vector-icons/Fonts/MaterialIcons.ttf"; sourceTree = "<group>"; };
		F68E203C259920F70075CBB4 /* kiratakipasistan.entitlements */ = {isa = PBXFileReference; lastKnownFileType = text.plist.entitlements; name = kiratakipasistan.entitlements; path = kiratakipasistan/kiratakipasistan.entitlements; sourceTree = "<group>"; };
		F68E203D259920F70075CBB4 /* NetworkExtension.framework */ = {isa = PBXFileReference; lastKnownFileType = wrapper.framework; name = NetworkExtension.framework; path = System/Library/Frameworks/NetworkExtension.framework; sourceTree = SDKROOT; };
		F6AA9BA225995C5C008BD5AD /* QBImagePicker.storyboard */ = {isa = PBXFileReference; lastKnownFileType = file.storyboard; name = QBImagePicker.storyboard; path = "../node_modules/react-native-image-crop-picker/ios/QBImagePicker/QBImagePicker/QBImagePicker.storyboard"; sourceTree = "<group>"; };
		F8F37172E287467A82AD35E0 /* SimpleLineIcons.ttf */ = {isa = PBXFileReference; explicitFileType = undefined; fileEncoding = 9; includeInIndex = 0; lastKnownFileType = unknown; name = SimpleLineIcons.ttf; path = "../node_modules/react-native-vector-icons/Fonts/SimpleLineIcons.ttf"; sourceTree = "<group>"; };
		FB409482176E4E0699F6B1B7 /* Foundation.ttf */ = {isa = PBXFileReference; explicitFileType = undefined; fileEncoding = 9; includeInIndex = 0; lastKnownFileType = unknown; name = Foundation.ttf; path = "../node_modules/react-native-vector-icons/Fonts/Foundation.ttf"; sourceTree = "<group>"; };
		FBBCECEC5CA845DAA0DE7518 /* Exo2.0-ExtraLightItalic.otf */ = {isa = PBXFileReference; explicitFileType = undefined; fileEncoding = 9; includeInIndex = 0; lastKnownFileType = unknown; name = "Exo2.0-ExtraLightItalic.otf"; path = "../app/Assets/Fonts/Exo2.0-ExtraLightItalic.otf"; sourceTree = "<group>"; };
		FD47C1CBCA3F409C8CEC9632 /* Exo2.0-Thin.ttf */ = {isa = PBXFileReference; explicitFileType = undefined; fileEncoding = 9; includeInIndex = 0; lastKnownFileType = unknown; name = "Exo2.0-Thin.ttf"; path = "../app/Assets/Fonts/Exo2.0-Thin.ttf"; sourceTree = "<group>"; };
		FE3FC82120A74CA79FAB58C1 /* Exo2.0-MediumItalic.ttf */ = {isa = PBXFileReference; explicitFileType = undefined; fileEncoding = 9; includeInIndex = 0; lastKnownFileType = unknown; name = "Exo2.0-MediumItalic.ttf"; path = "../app/Assets/Fonts/Exo2.0-MediumItalic.ttf"; sourceTree = "<group>"; };
/* End PBXFileReference section */

/* Begin PBXFrameworksBuildPhase section */
		00E356EB1AD99517003FC87E /* Frameworks */ = {
			isa = PBXFrameworksBuildPhase;
			buildActionMask = 2147483647;
			files = (
				CC0FB6FF18C6602FE1076D66 /* libPods-kiratakipasistan-kiratakipasistanTests.a in Frameworks */,
			);
			runOnlyForDeploymentPostprocessing = 0;
		};
		13B07F8C1A680F5B00A75B9A /* Frameworks */ = {
			isa = PBXFrameworksBuildPhase;
			buildActionMask = 2147483647;
			files = (
				53E1F7E94885D6EDB303912B /* libPods-kiratakipasistan.a in Frameworks */,
				F68E203E259920F70075CBB4 /* NetworkExtension.framework in Frameworks */,
			);
			runOnlyForDeploymentPostprocessing = 0;
		};
		2D02E4781E0B4A5D006451C7 /* Frameworks */ = {
			isa = PBXFrameworksBuildPhase;
			buildActionMask = 2147483647;
			files = (
				B1198D4948F4B0E095D7451C /* libPods-kiratakipasistan-tvOS.a in Frameworks */,
			);
			runOnlyForDeploymentPostprocessing = 0;
		};
		2D02E48D1E0B4A5D006451C7 /* Frameworks */ = {
			isa = PBXFrameworksBuildPhase;
			buildActionMask = 2147483647;
			files = (
				AADF8F871431E35C29886DA7 /* libPods-kiratakipasistan-tvOSTests.a in Frameworks */,
			);
			runOnlyForDeploymentPostprocessing = 0;
		};
/* End PBXFrameworksBuildPhase section */

/* Begin PBXGroup section */
		00E356EF1AD99517003FC87E /* kiratakipasistanTests */ = {
			isa = PBXGroup;
			children = (
				00E356F21AD99517003FC87E /* kiratakipasistanTests.m */,
				00E356F01AD99517003FC87E /* Supporting Files */,
			);
			path = kiratakipasistanTests;
			sourceTree = "<group>";
		};
		00E356F01AD99517003FC87E /* Supporting Files */ = {
			isa = PBXGroup;
			children = (
				00E356F11AD99517003FC87E /* Info.plist */,
			);
			name = "Supporting Files";
			sourceTree = "<group>";
		};
		13B07FAE1A68108700A75B9A /* kiratakipasistan */ = {
			isa = PBXGroup;
			children = (
				F68E203C259920F70075CBB4 /* kiratakipasistan.entitlements */,
				008F07F21AC5B25A0029DE68 /* main.jsbundle */,
				13B07FAF1A68108700A75B9A /* AppDelegate.h */,
				13B07FB01A68108700A75B9A /* AppDelegate.m */,
				13B07FB51A68108700A75B9A /* Images.xcassets */,
				13B07FB61A68108700A75B9A /* Info.plist */,
				81AB9BB72411601600AC10FF /* LaunchScreen.storyboard */,
				13B07FB71A68108700A75B9A /* main.m */,
			);
			name = kiratakipasistan;
			sourceTree = "<group>";
		};
		2D16E6871FA4F8E400B85C8A /* Frameworks */ = {
			isa = PBXGroup;
			children = (
				F68E203D259920F70075CBB4 /* NetworkExtension.framework */,
				ED297162215061F000B7C4FE /* JavaScriptCore.framework */,
				ED2971642150620600B7C4FE /* JavaScriptCore.framework */,
				19B1A108EAD5FA464E64B13B /* libPods-kiratakipasistan.a */,
				2B305964A353C2BE629A68B6 /* libPods-kiratakipasistan-kiratakipasistanTests.a */,
				5823385CEBCE47B4176D59DA /* libPods-kiratakipasistan-tvOS.a */,
				7AF691EE0181A303DA8E0B05 /* libPods-kiratakipasistan-tvOSTests.a */,
			);
			name = Frameworks;
			sourceTree = "<group>";
		};
		56FACAA8376A431C700A0E93 /* Pods */ = {
			isa = PBXGroup;
			children = (
				771AFE584F9F6520130E4F20 /* Pods-kiratakipasistan.debug.xcconfig */,
				1D654859E7B1C26D0F39107D /* Pods-kiratakipasistan.release.xcconfig */,
				5D4B6E250F08FED968CF79F8 /* Pods-kiratakipasistan-kiratakipasistanTests.debug.xcconfig */,
				74F31075B7B5DAC3AE3256D8 /* Pods-kiratakipasistan-kiratakipasistanTests.release.xcconfig */,
				478D580A54471374CB94A56E /* Pods-kiratakipasistan-tvOS.debug.xcconfig */,
				1A2A50F8096728E0BA7BA76F /* Pods-kiratakipasistan-tvOS.release.xcconfig */,
				BC8693EFFA4F6464D8A7A933 /* Pods-kiratakipasistan-tvOSTests.debug.xcconfig */,
				95F944F2FFA4E2D8D00758A1 /* Pods-kiratakipasistan-tvOSTests.release.xcconfig */,
			);
			path = Pods;
			sourceTree = "<group>";
		};
		832341AE1AAA6A7D00B99B32 /* Libraries */ = {
			isa = PBXGroup;
			children = (
			);
			name = Libraries;
			sourceTree = "<group>";
		};
		83CBB9F61A601CBA00E9B192 = {
			isa = PBXGroup;
			children = (
				F6AA9BA225995C5C008BD5AD /* QBImagePicker.storyboard */,
				13B07FAE1A68108700A75B9A /* kiratakipasistan */,
				832341AE1AAA6A7D00B99B32 /* Libraries */,
				00E356EF1AD99517003FC87E /* kiratakipasistanTests */,
				83CBBA001A601CBA00E9B192 /* Products */,
				2D16E6871FA4F8E400B85C8A /* Frameworks */,
				FB0B356064A4441C8C634EAF /* Resources */,
				56FACAA8376A431C700A0E93 /* Pods */,
			);
			indentWidth = 2;
			sourceTree = "<group>";
			tabWidth = 2;
			usesTabs = 0;
		};
		83CBBA001A601CBA00E9B192 /* Products */ = {
			isa = PBXGroup;
			children = (
				13B07F961A680F5B00A75B9A /* kiratakipasistan.app */,
				00E356EE1AD99517003FC87E /* kiratakipasistanTests.xctest */,
				2D02E47B1E0B4A5D006451C7 /* kiratakipasistan-tvOS.app */,
				2D02E4901E0B4A5D006451C7 /* kiratakipasistan-tvOSTests.xctest */,
			);
			name = Products;
			sourceTree = "<group>";
		};
		FB0B356064A4441C8C634EAF /* Resources */ = {
			isa = PBXGroup;
			children = (
				BB952BD6D6C140BCB632DB2A /* AntDesign.ttf */,
				4C9A6DAE34A14A3AA6D0E6D6 /* Entypo.ttf */,
				45CA21CF216448D6BED14E94 /* EvilIcons.ttf */,
				CB546CDAEF23426D9C665020 /* Feather.ttf */,
				40A9EBF05329450CA48BB357 /* FontAwesome.ttf */,
				C0D17F7B24C14340920B9697 /* FontAwesome5_Brands.ttf */,
				841BA5881C0F404BA1916909 /* FontAwesome5_Regular.ttf */,
				BEB01D675BC243D08903AA44 /* FontAwesome5_Solid.ttf */,
				B271D94B5EC648AE8476E8D4 /* Fontisto.ttf */,
				FB409482176E4E0699F6B1B7 /* Foundation.ttf */,
				D3FD5CA9168F493F9425DA8C /* Ionicons.ttf */,
				D848EFEB5DA943F09DAF85BA /* MaterialCommunityIcons.ttf */,
				F395C9293C9040248F51BCBF /* MaterialIcons.ttf */,
				28C1B1FB34224BC4B4535EA7 /* Octicons.ttf */,
				F8F37172E287467A82AD35E0 /* SimpleLineIcons.ttf */,
				C25BBF9E12C242BD93BEF395 /* Zocial.ttf */,
				07D0CC0A90F1449C8688A22F /* Exo2.0-Black.otf */,
				9C6219B577154D569728D2D3 /* Exo2.0-Black.ttf */,
				65CFDB1F96E646FAB2C35269 /* Exo2.0-BlackItalic.otf */,
				68E25B08F7464473A330B586 /* Exo2.0-BlackItalic.ttf */,
				5B18CAECCBF04478AB290CC0 /* Exo2.0-Bold.otf */,
				05CB3B7AD2C14500BECBE0D2 /* Exo2.0-Bold.ttf */,
				148C7A6FDAA44420878EBCA8 /* Exo2.0-BoldItalic.otf */,
				C5911C86E04A4EE9B444FD0A /* Exo2.0-BoldItalic.ttf */,
				92D983A17A3647D080C14442 /* Exo2.0-ExtraBold.otf */,
				0E73C3AACFEC4A179152F81F /* Exo2.0-ExtraBold.ttf */,
				7DA12A71748D4315884A4F49 /* Exo2.0-ExtraBoldItalic.otf */,
				C5F42D56AB5347C1BF48D089 /* Exo2.0-ExtraBoldItalic.ttf */,
				E44B9D1907D04AD7A6FC3189 /* Exo2.0-ExtraLight.otf */,
				0B0160D54472463BB37472CD /* Exo2.0-ExtraLight.ttf */,
				FBBCECEC5CA845DAA0DE7518 /* Exo2.0-ExtraLightItalic.otf */,
				B94DBAA793F84EA8AB43365A /* Exo2.0-ExtraLightItalic.ttf */,
				C518EA95A8EF4B6BAE45C66B /* Exo2.0-Italic.otf */,
				3275957396294633B931DFCD /* Exo2.0-Italic.ttf */,
				5539C0637BDA48B19D650AA5 /* Exo2.0-Light.otf */,
				F047E40FCFFC465D88DE320F /* Exo2.0-Light.ttf */,
				D25C2853F16F4D4A8551DF02 /* Exo2.0-LightItalic.otf */,
				0C3484F2B358408A98C776A3 /* Exo2.0-LightItalic.ttf */,
				ADCBEBED40A347309A18A6CC /* Exo2.0-Medium.otf */,
				84C9B405DEA54C0DA32D68BE /* Exo2.0-Medium.ttf */,
				DDB968DB5B6A475EBF384F21 /* Exo2.0-MediumItalic.otf */,
				FE3FC82120A74CA79FAB58C1 /* Exo2.0-MediumItalic.ttf */,
				7655BD3969F34D2499193E14 /* Exo2.0-Regular.otf */,
				258C6FB1988C43D2A5FBEC1B /* Exo2.0-Regular.ttf */,
				3F544FDCBE514FACAB46E332 /* Exo2.0-SemiBold.otf */,
				00D30DF839D444AB8333427C /* Exo2.0-SemiBold.ttf */,
				9399B95C72104E1CAF84E134 /* Exo2.0-SemiBoldItalic.otf */,
				B8195E89B4EB473D9C150ADB /* Exo2.0-SemiBoldItalic.ttf */,
				D3E81EFF19674B86B9176D1F /* Exo2.0-Thin.otf */,
				FD47C1CBCA3F409C8CEC9632 /* Exo2.0-Thin.ttf */,
				7AE19C082CF0405889DA8820 /* Exo2.0-ThinItalic.otf */,
				9B96DFD497B142AB97781931 /* Exo2.0-ThinItalic.ttf */,
			);
			name = Resources;
			sourceTree = "<group>";
		};
/* End PBXGroup section */

/* Begin PBXNativeTarget section */
		00E356ED1AD99517003FC87E /* kiratakipasistanTests */ = {
			isa = PBXNativeTarget;
			buildConfigurationList = 00E357021AD99517003FC87E /* Build configuration list for PBXNativeTarget "kiratakipasistanTests" */;
			buildPhases = (
				6CB3C8CC0DE5660CA19AC315 /* [CP] Check Pods Manifest.lock */,
				00E356EA1AD99517003FC87E /* Sources */,
				00E356EB1AD99517003FC87E /* Frameworks */,
				00E356EC1AD99517003FC87E /* Resources */,
				315DF3B576BFA9D58A14EDEB /* [CP] Copy Pods Resources */,
			);
			buildRules = (
			);
			dependencies = (
				00E356F51AD99517003FC87E /* PBXTargetDependency */,
			);
			name = kiratakipasistanTests;
			productName = kiratakipasistanTests;
			productReference = 00E356EE1AD99517003FC87E /* kiratakipasistanTests.xctest */;
			productType = "com.apple.product-type.bundle.unit-test";
		};
		13B07F861A680F5B00A75B9A /* kiratakipasistan */ = {
			isa = PBXNativeTarget;
			buildConfigurationList = 13B07F931A680F5B00A75B9A /* Build configuration list for PBXNativeTarget "kiratakipasistan" */;
			buildPhases = (
				831AA1371692FC86A40C2413 /* [CP] Check Pods Manifest.lock */,
				FD10A7F022414F080027D42C /* Start Packager */,
				13B07F871A680F5B00A75B9A /* Sources */,
				13B07F8C1A680F5B00A75B9A /* Frameworks */,
				13B07F8E1A680F5B00A75B9A /* Resources */,
				00DD1BFF1BD5951E006B06BC /* Bundle React Native code and images */,
				AEF41395EF84527B306C04D6 /* [CP] Copy Pods Resources */,
			);
			buildRules = (
			);
			dependencies = (
			);
			name = kiratakipasistan;
			productName = kiratakipasistan;
			productReference = 13B07F961A680F5B00A75B9A /* kiratakipasistan.app */;
			productType = "com.apple.product-type.application";
		};
		2D02E47A1E0B4A5D006451C7 /* kiratakipasistan-tvOS */ = {
			isa = PBXNativeTarget;
			buildConfigurationList = 2D02E4BA1E0B4A5E006451C7 /* Build configuration list for PBXNativeTarget "kiratakipasistan-tvOS" */;
			buildPhases = (
				16C025A91E9E70DD10BCCD4E /* [CP] Check Pods Manifest.lock */,
				FD10A7F122414F3F0027D42C /* Start Packager */,
				2D02E4771E0B4A5D006451C7 /* Sources */,
				2D02E4781E0B4A5D006451C7 /* Frameworks */,
				2D02E4791E0B4A5D006451C7 /* Resources */,
				2D02E4CB1E0B4B27006451C7 /* Bundle React Native Code And Images */,
			);
			buildRules = (
			);
			dependencies = (
			);
			name = "kiratakipasistan-tvOS";
			productName = "kiratakipasistan-tvOS";
			productReference = 2D02E47B1E0B4A5D006451C7 /* kiratakipasistan-tvOS.app */;
			productType = "com.apple.product-type.application";
		};
		2D02E48F1E0B4A5D006451C7 /* kiratakipasistan-tvOSTests */ = {
			isa = PBXNativeTarget;
			buildConfigurationList = 2D02E4BB1E0B4A5E006451C7 /* Build configuration list for PBXNativeTarget "kiratakipasistan-tvOSTests" */;
			buildPhases = (
				B60075F3E75AB345D091D2E1 /* [CP] Check Pods Manifest.lock */,
				2D02E48C1E0B4A5D006451C7 /* Sources */,
				2D02E48D1E0B4A5D006451C7 /* Frameworks */,
				2D02E48E1E0B4A5D006451C7 /* Resources */,
			);
			buildRules = (
			);
			dependencies = (
				2D02E4921E0B4A5D006451C7 /* PBXTargetDependency */,
			);
			name = "kiratakipasistan-tvOSTests";
			productName = "kiratakipasistan-tvOSTests";
			productReference = 2D02E4901E0B4A5D006451C7 /* kiratakipasistan-tvOSTests.xctest */;
			productType = "com.apple.product-type.bundle.unit-test";
		};
/* End PBXNativeTarget section */

/* Begin PBXProject section */
		83CBB9F71A601CBA00E9B192 /* Project object */ = {
			isa = PBXProject;
			attributes = {
				LastUpgradeCheck = 1130;
				TargetAttributes = {
					00E356ED1AD99517003FC87E = {
						CreatedOnToolsVersion = 6.2;
						TestTargetID = 13B07F861A680F5B00A75B9A;
					};
					13B07F861A680F5B00A75B9A = {
						LastSwiftMigration = 1120;
					};
					2D02E47A1E0B4A5D006451C7 = {
						CreatedOnToolsVersion = 8.2.1;
						ProvisioningStyle = Automatic;
					};
					2D02E48F1E0B4A5D006451C7 = {
						CreatedOnToolsVersion = 8.2.1;
						ProvisioningStyle = Automatic;
						TestTargetID = 2D02E47A1E0B4A5D006451C7;
					};
				};
			};
			buildConfigurationList = 83CBB9FA1A601CBA00E9B192 /* Build configuration list for PBXProject "kiratakipasistan" */;
			compatibilityVersion = "Xcode 3.2";
			developmentRegion = en;
			hasScannedForEncodings = 0;
			knownRegions = (
				en,
				Base,
			);
			mainGroup = 83CBB9F61A601CBA00E9B192;
			productRefGroup = 83CBBA001A601CBA00E9B192 /* Products */;
			projectDirPath = "";
			projectRoot = "";
			targets = (
				13B07F861A680F5B00A75B9A /* kiratakipasistan */,
				00E356ED1AD99517003FC87E /* kiratakipasistanTests */,
				2D02E47A1E0B4A5D006451C7 /* kiratakipasistan-tvOS */,
				2D02E48F1E0B4A5D006451C7 /* kiratakipasistan-tvOSTests */,
			);
		};
/* End PBXProject section */

/* Begin PBXResourcesBuildPhase section */
		00E356EC1AD99517003FC87E /* Resources */ = {
			isa = PBXResourcesBuildPhase;
			buildActionMask = 2147483647;
			files = (
			);
			runOnlyForDeploymentPostprocessing = 0;
		};
		13B07F8E1A680F5B00A75B9A /* Resources */ = {
			isa = PBXResourcesBuildPhase;
			buildActionMask = 2147483647;
			files = (
				81AB9BB82411601600AC10FF /* LaunchScreen.storyboard in Resources */,
				13B07FBF1A68108700A75B9A /* Images.xcassets in Resources */,
				F6AA9BA325995C5C008BD5AD /* QBImagePicker.storyboard in Resources */,
				FD8109F580FA425DB0D7D2F4 /* Exo2.0-Black.otf in Resources */,
				57811149D6B8458DBB9E1467 /* Exo2.0-Black.ttf in Resources */,
				203323C76E4948CA9FB2A0B1 /* Exo2.0-BlackItalic.otf in Resources */,
				0B0BFB0D03E448D181F699AC /* Exo2.0-BlackItalic.ttf in Resources */,
				36482C3593C44CF3802D440A /* Exo2.0-Bold.otf in Resources */,
				E5D83E1CEF264A05B868C62C /* Exo2.0-Bold.ttf in Resources */,
				9ED5A999378A434FBF79F4E3 /* Exo2.0-BoldItalic.otf in Resources */,
				4020462532994E6EB68E8421 /* Exo2.0-BoldItalic.ttf in Resources */,
				9A403FD645EB4D7B93821321 /* Exo2.0-ExtraBold.otf in Resources */,
				FEEDEB2E88124DA3980C1E5D /* Exo2.0-ExtraBold.ttf in Resources */,
				03006754C0E24EBBB4E814A1 /* Exo2.0-ExtraBoldItalic.otf in Resources */,
				18F470856C2D47F4A7566B39 /* Exo2.0-ExtraBoldItalic.ttf in Resources */,
				BFAA24AFDAC74302827E5925 /* Exo2.0-ExtraLight.otf in Resources */,
				95F8779D3D1146F0BF889709 /* Exo2.0-ExtraLight.ttf in Resources */,
				39B879CACCA84E138D4D92DE /* Exo2.0-ExtraLightItalic.otf in Resources */,
				DABE187F86164A3487E2746B /* Exo2.0-ExtraLightItalic.ttf in Resources */,
				66AE1D66DBD0412C85E11980 /* Exo2.0-Italic.otf in Resources */,
				D4F416C4D030487EAA71A4F2 /* Exo2.0-Italic.ttf in Resources */,
				9D5E3AE21A574489AB40BB5D /* Exo2.0-Light.otf in Resources */,
				7EBCC6E1945E44F29A13E7C3 /* Exo2.0-Light.ttf in Resources */,
				BAC034A6983C454A9A3BB874 /* Exo2.0-LightItalic.otf in Resources */,
				47ED93D066404E739B35114D /* Exo2.0-LightItalic.ttf in Resources */,
				DB40B1BF54C34550A9F26FDF /* Exo2.0-Medium.otf in Resources */,
				2A4E8BBD0F0646568EFA59AF /* Exo2.0-Medium.ttf in Resources */,
				8C70B0A7605C4782904485BC /* Exo2.0-MediumItalic.otf in Resources */,
				44B4EE1CD24E4822BF3F3A86 /* Exo2.0-MediumItalic.ttf in Resources */,
				4B284D62836B4F16BE42B231 /* Exo2.0-Regular.otf in Resources */,
				0367D06A7B034B7AB2EC7635 /* Exo2.0-Regular.ttf in Resources */,
				45444B79DD584BB9AF70546A /* Exo2.0-SemiBold.otf in Resources */,
				1518D24763C042F09D51B8C4 /* Exo2.0-SemiBold.ttf in Resources */,
				CF848DF7D61F49478ECE40F3 /* Exo2.0-SemiBoldItalic.otf in Resources */,
				D8645855951944AC9BFA759B /* Exo2.0-SemiBoldItalic.ttf in Resources */,
				00F0FF16B6C24ABEB9E4D121 /* Exo2.0-Thin.otf in Resources */,
				C5CECEB12D7E4A03A7A2ADC9 /* Exo2.0-Thin.ttf in Resources */,
				B41108CAC281446F9C550D34 /* Exo2.0-ThinItalic.otf in Resources */,
				E46CCBD058B248EF966D2B97 /* Exo2.0-ThinItalic.ttf in Resources */,
			);
			runOnlyForDeploymentPostprocessing = 0;
		};
		2D02E4791E0B4A5D006451C7 /* Resources */ = {
			isa = PBXResourcesBuildPhase;
			buildActionMask = 2147483647;
			files = (
				2D02E4BD1E0B4A84006451C7 /* Images.xcassets in Resources */,
			);
			runOnlyForDeploymentPostprocessing = 0;
		};
		2D02E48E1E0B4A5D006451C7 /* Resources */ = {
			isa = PBXResourcesBuildPhase;
			buildActionMask = 2147483647;
			files = (
			);
			runOnlyForDeploymentPostprocessing = 0;
		};
/* End PBXResourcesBuildPhase section */

/* Begin PBXShellScriptBuildPhase section */
		00DD1BFF1BD5951E006B06BC /* Bundle React Native code and images */ = {
			isa = PBXShellScriptBuildPhase;
			buildActionMask = 2147483647;
			files = (
			);
			inputPaths = (
			);
			name = "Bundle React Native code and images";
			outputPaths = (
			);
			runOnlyForDeploymentPostprocessing = 0;
			shellPath = /bin/sh;
			shellScript = "export NODE_BINARY=node\n../node_modules/react-native/scripts/react-native-xcode.sh";
		};
		16C025A91E9E70DD10BCCD4E /* [CP] Check Pods Manifest.lock */ = {
			isa = PBXShellScriptBuildPhase;
			buildActionMask = 2147483647;
			files = (
			);
			inputFileListPaths = (
			);
			inputPaths = (
				"${PODS_PODFILE_DIR_PATH}/Podfile.lock",
				"${PODS_ROOT}/Manifest.lock",
			);
			name = "[CP] Check Pods Manifest.lock";
			outputFileListPaths = (
			);
			outputPaths = (
				"$(DERIVED_FILE_DIR)/Pods-kiratakipasistan-tvOS-checkManifestLockResult.txt",
			);
			runOnlyForDeploymentPostprocessing = 0;
			shellPath = /bin/sh;
			shellScript = "diff \"${PODS_PODFILE_DIR_PATH}/Podfile.lock\" \"${PODS_ROOT}/Manifest.lock\" > /dev/null\nif [ $? != 0 ] ; then\n    # print error to STDERR\n    echo \"error: The sandbox is not in sync with the Podfile.lock. Run 'pod install' or update your CocoaPods installation.\" >&2\n    exit 1\nfi\n# This output is used by Xcode 'outputs' to avoid re-running this script phase.\necho \"SUCCESS\" > \"${SCRIPT_OUTPUT_FILE_0}\"\n";
			showEnvVarsInLog = 0;
		};
		2D02E4CB1E0B4B27006451C7 /* Bundle React Native Code And Images */ = {
			isa = PBXShellScriptBuildPhase;
			buildActionMask = 2147483647;
			files = (
			);
			inputPaths = (
			);
			name = "Bundle React Native Code And Images";
			outputPaths = (
			);
			runOnlyForDeploymentPostprocessing = 0;
			shellPath = /bin/sh;
			shellScript = "export NODE_BINARY=node\n../node_modules/react-native/scripts/react-native-xcode.sh";
		};
		315DF3B576BFA9D58A14EDEB /* [CP] Copy Pods Resources */ = {
			isa = PBXShellScriptBuildPhase;
			buildActionMask = 2147483647;
			files = (
			);
			inputPaths = (
				"${PODS_ROOT}/Target Support Files/Pods-kiratakipasistan-kiratakipasistanTests/Pods-kiratakipasistan-kiratakipasistanTests-resources.sh",
				"${PODS_CONFIGURATION_BUILD_DIR}/RNImageCropPicker/QBImagePicker.bundle",
				"${PODS_ROOT}/../../node_modules/react-native-vector-icons/Fonts/AntDesign.ttf",
				"${PODS_ROOT}/../../node_modules/react-native-vector-icons/Fonts/Entypo.ttf",
				"${PODS_ROOT}/../../node_modules/react-native-vector-icons/Fonts/EvilIcons.ttf",
				"${PODS_ROOT}/../../node_modules/react-native-vector-icons/Fonts/Feather.ttf",
				"${PODS_ROOT}/../../node_modules/react-native-vector-icons/Fonts/FontAwesome.ttf",
				"${PODS_ROOT}/../../node_modules/react-native-vector-icons/Fonts/FontAwesome5_Brands.ttf",
				"${PODS_ROOT}/../../node_modules/react-native-vector-icons/Fonts/FontAwesome5_Regular.ttf",
				"${PODS_ROOT}/../../node_modules/react-native-vector-icons/Fonts/FontAwesome5_Solid.ttf",
				"${PODS_ROOT}/../../node_modules/react-native-vector-icons/Fonts/Fontisto.ttf",
				"${PODS_ROOT}/../../node_modules/react-native-vector-icons/Fonts/Foundation.ttf",
				"${PODS_ROOT}/../../node_modules/react-native-vector-icons/Fonts/Ionicons.ttf",
				"${PODS_ROOT}/../../node_modules/react-native-vector-icons/Fonts/MaterialCommunityIcons.ttf",
				"${PODS_ROOT}/../../node_modules/react-native-vector-icons/Fonts/MaterialIcons.ttf",
				"${PODS_ROOT}/../../node_modules/react-native-vector-icons/Fonts/Octicons.ttf",
				"${PODS_ROOT}/../../node_modules/react-native-vector-icons/Fonts/SimpleLineIcons.ttf",
				"${PODS_ROOT}/../../node_modules/react-native-vector-icons/Fonts/Zocial.ttf",
				"${PODS_CONFIGURATION_BUILD_DIR}/React-Core/AccessibilityResources.bundle",
				"${PODS_CONFIGURATION_BUILD_DIR}/TOCropViewController/TOCropViewControllerBundle.bundle",
			);
			name = "[CP] Copy Pods Resources";
			outputPaths = (
				"${TARGET_BUILD_DIR}/${UNLOCALIZED_RESOURCES_FOLDER_PATH}/QBImagePicker.bundle",
				"${TARGET_BUILD_DIR}/${UNLOCALIZED_RESOURCES_FOLDER_PATH}/AntDesign.ttf",
				"${TARGET_BUILD_DIR}/${UNLOCALIZED_RESOURCES_FOLDER_PATH}/Entypo.ttf",
				"${TARGET_BUILD_DIR}/${UNLOCALIZED_RESOURCES_FOLDER_PATH}/EvilIcons.ttf",
				"${TARGET_BUILD_DIR}/${UNLOCALIZED_RESOURCES_FOLDER_PATH}/Feather.ttf",
				"${TARGET_BUILD_DIR}/${UNLOCALIZED_RESOURCES_FOLDER_PATH}/FontAwesome.ttf",
				"${TARGET_BUILD_DIR}/${UNLOCALIZED_RESOURCES_FOLDER_PATH}/FontAwesome5_Brands.ttf",
				"${TARGET_BUILD_DIR}/${UNLOCALIZED_RESOURCES_FOLDER_PATH}/FontAwesome5_Regular.ttf",
				"${TARGET_BUILD_DIR}/${UNLOCALIZED_RESOURCES_FOLDER_PATH}/FontAwesome5_Solid.ttf",
				"${TARGET_BUILD_DIR}/${UNLOCALIZED_RESOURCES_FOLDER_PATH}/Fontisto.ttf",
				"${TARGET_BUILD_DIR}/${UNLOCALIZED_RESOURCES_FOLDER_PATH}/Foundation.ttf",
				"${TARGET_BUILD_DIR}/${UNLOCALIZED_RESOURCES_FOLDER_PATH}/Ionicons.ttf",
				"${TARGET_BUILD_DIR}/${UNLOCALIZED_RESOURCES_FOLDER_PATH}/MaterialCommunityIcons.ttf",
				"${TARGET_BUILD_DIR}/${UNLOCALIZED_RESOURCES_FOLDER_PATH}/MaterialIcons.ttf",
				"${TARGET_BUILD_DIR}/${UNLOCALIZED_RESOURCES_FOLDER_PATH}/Octicons.ttf",
				"${TARGET_BUILD_DIR}/${UNLOCALIZED_RESOURCES_FOLDER_PATH}/SimpleLineIcons.ttf",
				"${TARGET_BUILD_DIR}/${UNLOCALIZED_RESOURCES_FOLDER_PATH}/Zocial.ttf",
				"${TARGET_BUILD_DIR}/${UNLOCALIZED_RESOURCES_FOLDER_PATH}/AccessibilityResources.bundle",
				"${TARGET_BUILD_DIR}/${UNLOCALIZED_RESOURCES_FOLDER_PATH}/TOCropViewControllerBundle.bundle",
			);
			runOnlyForDeploymentPostprocessing = 0;
			shellPath = /bin/sh;
			shellScript = "\"${PODS_ROOT}/Target Support Files/Pods-kiratakipasistan-kiratakipasistanTests/Pods-kiratakipasistan-kiratakipasistanTests-resources.sh\"\n";
			showEnvVarsInLog = 0;
		};
		6CB3C8CC0DE5660CA19AC315 /* [CP] Check Pods Manifest.lock */ = {
			isa = PBXShellScriptBuildPhase;
			buildActionMask = 2147483647;
			files = (
			);
			inputFileListPaths = (
			);
			inputPaths = (
				"${PODS_PODFILE_DIR_PATH}/Podfile.lock",
				"${PODS_ROOT}/Manifest.lock",
			);
			name = "[CP] Check Pods Manifest.lock";
			outputFileListPaths = (
			);
			outputPaths = (
				"$(DERIVED_FILE_DIR)/Pods-kiratakipasistan-kiratakipasistanTests-checkManifestLockResult.txt",
			);
			runOnlyForDeploymentPostprocessing = 0;
			shellPath = /bin/sh;
			shellScript = "diff \"${PODS_PODFILE_DIR_PATH}/Podfile.lock\" \"${PODS_ROOT}/Manifest.lock\" > /dev/null\nif [ $? != 0 ] ; then\n    # print error to STDERR\n    echo \"error: The sandbox is not in sync with the Podfile.lock. Run 'pod install' or update your CocoaPods installation.\" >&2\n    exit 1\nfi\n# This output is used by Xcode 'outputs' to avoid re-running this script phase.\necho \"SUCCESS\" > \"${SCRIPT_OUTPUT_FILE_0}\"\n";
			showEnvVarsInLog = 0;
		};
		831AA1371692FC86A40C2413 /* [CP] Check Pods Manifest.lock */ = {
			isa = PBXShellScriptBuildPhase;
			buildActionMask = 2147483647;
			files = (
			);
			inputFileListPaths = (
			);
			inputPaths = (
				"${PODS_PODFILE_DIR_PATH}/Podfile.lock",
				"${PODS_ROOT}/Manifest.lock",
			);
			name = "[CP] Check Pods Manifest.lock";
			outputFileListPaths = (
			);
			outputPaths = (
				"$(DERIVED_FILE_DIR)/Pods-kiratakipasistan-checkManifestLockResult.txt",
			);
			runOnlyForDeploymentPostprocessing = 0;
			shellPath = /bin/sh;
			shellScript = "diff \"${PODS_PODFILE_DIR_PATH}/Podfile.lock\" \"${PODS_ROOT}/Manifest.lock\" > /dev/null\nif [ $? != 0 ] ; then\n    # print error to STDERR\n    echo \"error: The sandbox is not in sync with the Podfile.lock. Run 'pod install' or update your CocoaPods installation.\" >&2\n    exit 1\nfi\n# This output is used by Xcode 'outputs' to avoid re-running this script phase.\necho \"SUCCESS\" > \"${SCRIPT_OUTPUT_FILE_0}\"\n";
			showEnvVarsInLog = 0;
		};
		AEF41395EF84527B306C04D6 /* [CP] Copy Pods Resources */ = {
			isa = PBXShellScriptBuildPhase;
			buildActionMask = 2147483647;
			files = (
			);
			inputPaths = (
				"${PODS_ROOT}/Target Support Files/Pods-kiratakipasistan/Pods-kiratakipasistan-resources.sh",
				"${PODS_CONFIGURATION_BUILD_DIR}/RNImageCropPicker/QBImagePicker.bundle",
				"${PODS_ROOT}/../../node_modules/react-native-vector-icons/Fonts/AntDesign.ttf",
				"${PODS_ROOT}/../../node_modules/react-native-vector-icons/Fonts/Entypo.ttf",
				"${PODS_ROOT}/../../node_modules/react-native-vector-icons/Fonts/EvilIcons.ttf",
				"${PODS_ROOT}/../../node_modules/react-native-vector-icons/Fonts/Feather.ttf",
				"${PODS_ROOT}/../../node_modules/react-native-vector-icons/Fonts/FontAwesome.ttf",
				"${PODS_ROOT}/../../node_modules/react-native-vector-icons/Fonts/FontAwesome5_Brands.ttf",
				"${PODS_ROOT}/../../node_modules/react-native-vector-icons/Fonts/FontAwesome5_Regular.ttf",
				"${PODS_ROOT}/../../node_modules/react-native-vector-icons/Fonts/FontAwesome5_Solid.ttf",
				"${PODS_ROOT}/../../node_modules/react-native-vector-icons/Fonts/Fontisto.ttf",
				"${PODS_ROOT}/../../node_modules/react-native-vector-icons/Fonts/Foundation.ttf",
				"${PODS_ROOT}/../../node_modules/react-native-vector-icons/Fonts/Ionicons.ttf",
				"${PODS_ROOT}/../../node_modules/react-native-vector-icons/Fonts/MaterialCommunityIcons.ttf",
				"${PODS_ROOT}/../../node_modules/react-native-vector-icons/Fonts/MaterialIcons.ttf",
				"${PODS_ROOT}/../../node_modules/react-native-vector-icons/Fonts/Octicons.ttf",
				"${PODS_ROOT}/../../node_modules/react-native-vector-icons/Fonts/SimpleLineIcons.ttf",
				"${PODS_ROOT}/../../node_modules/react-native-vector-icons/Fonts/Zocial.ttf",
				"${PODS_CONFIGURATION_BUILD_DIR}/React-Core/AccessibilityResources.bundle",
				"${PODS_CONFIGURATION_BUILD_DIR}/TOCropViewController/TOCropViewControllerBundle.bundle",
			);
			name = "[CP] Copy Pods Resources";
			outputPaths = (
				"${TARGET_BUILD_DIR}/${UNLOCALIZED_RESOURCES_FOLDER_PATH}/QBImagePicker.bundle",
				"${TARGET_BUILD_DIR}/${UNLOCALIZED_RESOURCES_FOLDER_PATH}/AntDesign.ttf",
				"${TARGET_BUILD_DIR}/${UNLOCALIZED_RESOURCES_FOLDER_PATH}/Entypo.ttf",
				"${TARGET_BUILD_DIR}/${UNLOCALIZED_RESOURCES_FOLDER_PATH}/EvilIcons.ttf",
				"${TARGET_BUILD_DIR}/${UNLOCALIZED_RESOURCES_FOLDER_PATH}/Feather.ttf",
				"${TARGET_BUILD_DIR}/${UNLOCALIZED_RESOURCES_FOLDER_PATH}/FontAwesome.ttf",
				"${TARGET_BUILD_DIR}/${UNLOCALIZED_RESOURCES_FOLDER_PATH}/FontAwesome5_Brands.ttf",
				"${TARGET_BUILD_DIR}/${UNLOCALIZED_RESOURCES_FOLDER_PATH}/FontAwesome5_Regular.ttf",
				"${TARGET_BUILD_DIR}/${UNLOCALIZED_RESOURCES_FOLDER_PATH}/FontAwesome5_Solid.ttf",
				"${TARGET_BUILD_DIR}/${UNLOCALIZED_RESOURCES_FOLDER_PATH}/Fontisto.ttf",
				"${TARGET_BUILD_DIR}/${UNLOCALIZED_RESOURCES_FOLDER_PATH}/Foundation.ttf",
				"${TARGET_BUILD_DIR}/${UNLOCALIZED_RESOURCES_FOLDER_PATH}/Ionicons.ttf",
				"${TARGET_BUILD_DIR}/${UNLOCALIZED_RESOURCES_FOLDER_PATH}/MaterialCommunityIcons.ttf",
				"${TARGET_BUILD_DIR}/${UNLOCALIZED_RESOURCES_FOLDER_PATH}/MaterialIcons.ttf",
				"${TARGET_BUILD_DIR}/${UNLOCALIZED_RESOURCES_FOLDER_PATH}/Octicons.ttf",
				"${TARGET_BUILD_DIR}/${UNLOCALIZED_RESOURCES_FOLDER_PATH}/SimpleLineIcons.ttf",
				"${TARGET_BUILD_DIR}/${UNLOCALIZED_RESOURCES_FOLDER_PATH}/Zocial.ttf",
				"${TARGET_BUILD_DIR}/${UNLOCALIZED_RESOURCES_FOLDER_PATH}/AccessibilityResources.bundle",
				"${TARGET_BUILD_DIR}/${UNLOCALIZED_RESOURCES_FOLDER_PATH}/TOCropViewControllerBundle.bundle",
			);
			runOnlyForDeploymentPostprocessing = 0;
			shellPath = /bin/sh;
			shellScript = "\"${PODS_ROOT}/Target Support Files/Pods-kiratakipasistan/Pods-kiratakipasistan-resources.sh\"\n";
			showEnvVarsInLog = 0;
		};
		B60075F3E75AB345D091D2E1 /* [CP] Check Pods Manifest.lock */ = {
			isa = PBXShellScriptBuildPhase;
			buildActionMask = 2147483647;
			files = (
			);
			inputFileListPaths = (
			);
			inputPaths = (
				"${PODS_PODFILE_DIR_PATH}/Podfile.lock",
				"${PODS_ROOT}/Manifest.lock",
			);
			name = "[CP] Check Pods Manifest.lock";
			outputFileListPaths = (
			);
			outputPaths = (
				"$(DERIVED_FILE_DIR)/Pods-kiratakipasistan-tvOSTests-checkManifestLockResult.txt",
			);
			runOnlyForDeploymentPostprocessing = 0;
			shellPath = /bin/sh;
			shellScript = "diff \"${PODS_PODFILE_DIR_PATH}/Podfile.lock\" \"${PODS_ROOT}/Manifest.lock\" > /dev/null\nif [ $? != 0 ] ; then\n    # print error to STDERR\n    echo \"error: The sandbox is not in sync with the Podfile.lock. Run 'pod install' or update your CocoaPods installation.\" >&2\n    exit 1\nfi\n# This output is used by Xcode 'outputs' to avoid re-running this script phase.\necho \"SUCCESS\" > \"${SCRIPT_OUTPUT_FILE_0}\"\n";
			showEnvVarsInLog = 0;
		};
		FD10A7F022414F080027D42C /* Start Packager */ = {
			isa = PBXShellScriptBuildPhase;
			buildActionMask = 2147483647;
			files = (
			);
			inputFileListPaths = (
			);
			inputPaths = (
			);
			name = "Start Packager";
			outputFileListPaths = (
			);
			outputPaths = (
			);
			runOnlyForDeploymentPostprocessing = 0;
			shellPath = /bin/sh;
			shellScript = "export RCT_METRO_PORT=\"${RCT_METRO_PORT:=8081}\"\necho \"export RCT_METRO_PORT=${RCT_METRO_PORT}\" > \"${SRCROOT}/../node_modules/react-native/scripts/.packager.env\"\nif [ -z \"${RCT_NO_LAUNCH_PACKAGER+xxx}\" ] ; then\n  if nc -w 5 -z localhost ${RCT_METRO_PORT} ; then\n    if ! curl -s \"http://localhost:${RCT_METRO_PORT}/status\" | grep -q \"packager-status:running\" ; then\n      echo \"Port ${RCT_METRO_PORT} already in use, packager is either not running or not running correctly\"\n      exit 2\n    fi\n  else\n    open \"$SRCROOT/../node_modules/react-native/scripts/launchPackager.command\" || echo \"Can't start packager automatically\"\n  fi\nfi\n";
			showEnvVarsInLog = 0;
		};
		FD10A7F122414F3F0027D42C /* Start Packager */ = {
			isa = PBXShellScriptBuildPhase;
			buildActionMask = 2147483647;
			files = (
			);
			inputFileListPaths = (
			);
			inputPaths = (
			);
			name = "Start Packager";
			outputFileListPaths = (
			);
			outputPaths = (
			);
			runOnlyForDeploymentPostprocessing = 0;
			shellPath = /bin/sh;
			shellScript = "export RCT_METRO_PORT=\"${RCT_METRO_PORT:=8081}\"\necho \"export RCT_METRO_PORT=${RCT_METRO_PORT}\" > \"${SRCROOT}/../node_modules/react-native/scripts/.packager.env\"\nif [ -z \"${RCT_NO_LAUNCH_PACKAGER+xxx}\" ] ; then\n  if nc -w 5 -z localhost ${RCT_METRO_PORT} ; then\n    if ! curl -s \"http://localhost:${RCT_METRO_PORT}/status\" | grep -q \"packager-status:running\" ; then\n      echo \"Port ${RCT_METRO_PORT} already in use, packager is either not running or not running correctly\"\n      exit 2\n    fi\n  else\n    open \"$SRCROOT/../node_modules/react-native/scripts/launchPackager.command\" || echo \"Can't start packager automatically\"\n  fi\nfi\n";
			showEnvVarsInLog = 0;
		};
/* End PBXShellScriptBuildPhase section */

/* Begin PBXSourcesBuildPhase section */
		00E356EA1AD99517003FC87E /* Sources */ = {
			isa = PBXSourcesBuildPhase;
			buildActionMask = 2147483647;
			files = (
				00E356F31AD99517003FC87E /* kiratakipasistanTests.m in Sources */,
			);
			runOnlyForDeploymentPostprocessing = 0;
		};
		13B07F871A680F5B00A75B9A /* Sources */ = {
			isa = PBXSourcesBuildPhase;
			buildActionMask = 2147483647;
			files = (
				13B07FBC1A68108700A75B9A /* AppDelegate.m in Sources */,
				13B07FC11A68108700A75B9A /* main.m in Sources */,
			);
			runOnlyForDeploymentPostprocessing = 0;
		};
		2D02E4771E0B4A5D006451C7 /* Sources */ = {
			isa = PBXSourcesBuildPhase;
			buildActionMask = 2147483647;
			files = (
				2D02E4BF1E0B4AB3006451C7 /* main.m in Sources */,
				2D02E4BC1E0B4A80006451C7 /* AppDelegate.m in Sources */,
			);
			runOnlyForDeploymentPostprocessing = 0;
		};
		2D02E48C1E0B4A5D006451C7 /* Sources */ = {
			isa = PBXSourcesBuildPhase;
			buildActionMask = 2147483647;
			files = (
				2DCD954D1E0B4F2C00145EB5 /* kiratakipasistanTests.m in Sources */,
			);
			runOnlyForDeploymentPostprocessing = 0;
		};
/* End PBXSourcesBuildPhase section */

/* Begin PBXTargetDependency section */
		00E356F51AD99517003FC87E /* PBXTargetDependency */ = {
			isa = PBXTargetDependency;
			target = 13B07F861A680F5B00A75B9A /* kiratakipasistan */;
			targetProxy = 00E356F41AD99517003FC87E /* PBXContainerItemProxy */;
		};
		2D02E4921E0B4A5D006451C7 /* PBXTargetDependency */ = {
			isa = PBXTargetDependency;
			target = 2D02E47A1E0B4A5D006451C7 /* kiratakipasistan-tvOS */;
			targetProxy = 2D02E4911E0B4A5D006451C7 /* PBXContainerItemProxy */;
		};
/* End PBXTargetDependency section */

/* Begin XCBuildConfiguration section */
		00E356F61AD99517003FC87E /* Debug */ = {
			isa = XCBuildConfiguration;
			baseConfigurationReference = 5D4B6E250F08FED968CF79F8 /* Pods-kiratakipasistan-kiratakipasistanTests.debug.xcconfig */;
			buildSettings = {
				BUNDLE_LOADER = "$(TEST_HOST)";
				GCC_PREPROCESSOR_DEFINITIONS = (
					"DEBUG=1",
					"$(inherited)",
				);
				INFOPLIST_FILE = kiratakipasistanTests/Info.plist;
				IPHONEOS_DEPLOYMENT_TARGET = 10.0;
				LD_RUNPATH_SEARCH_PATHS = "$(inherited) @executable_path/Frameworks @loader_path/Frameworks";
				OTHER_LDFLAGS = (
					"-ObjC",
					"-lc++",
					"$(inherited)",
				);
				PRODUCT_BUNDLE_IDENTIFIER = "org.reactjs.native.example.$(PRODUCT_NAME:rfc1034identifier)";
				PRODUCT_NAME = "$(TARGET_NAME)";
				TEST_HOST = "$(BUILT_PRODUCTS_DIR)/kiratakipasistan.app/kiratakipasistan";
			};
			name = Debug;
		};
		00E356F71AD99517003FC87E /* Release */ = {
			isa = XCBuildConfiguration;
			baseConfigurationReference = 74F31075B7B5DAC3AE3256D8 /* Pods-kiratakipasistan-kiratakipasistanTests.release.xcconfig */;
			buildSettings = {
				BUNDLE_LOADER = "$(TEST_HOST)";
				COPY_PHASE_STRIP = NO;
				INFOPLIST_FILE = kiratakipasistanTests/Info.plist;
				IPHONEOS_DEPLOYMENT_TARGET = 10.0;
				LD_RUNPATH_SEARCH_PATHS = "$(inherited) @executable_path/Frameworks @loader_path/Frameworks";
				OTHER_LDFLAGS = (
					"-ObjC",
					"-lc++",
					"$(inherited)",
				);
				PRODUCT_BUNDLE_IDENTIFIER = "org.reactjs.native.example.$(PRODUCT_NAME:rfc1034identifier)";
				PRODUCT_NAME = "$(TARGET_NAME)";
				TEST_HOST = "$(BUILT_PRODUCTS_DIR)/kiratakipasistan.app/kiratakipasistan";
			};
			name = Release;
		};
		13B07F941A680F5B00A75B9A /* Debug */ = {
			isa = XCBuildConfiguration;
			baseConfigurationReference = 771AFE584F9F6520130E4F20 /* Pods-kiratakipasistan.debug.xcconfig */;
			buildSettings = {
				ASSETCATALOG_COMPILER_APPICON_NAME = AppIcon;
				CLANG_ENABLE_MODULES = YES;
				CODE_SIGN_ENTITLEMENTS = kiratakipasistan/kiratakipasistan.entitlements;
				CURRENT_PROJECT_VERSION = 1;
				ENABLE_BITCODE = NO;
				INFOPLIST_FILE = kiratakipasistan/Info.plist;
				LD_RUNPATH_SEARCH_PATHS = "$(inherited) @executable_path/Frameworks";
				OTHER_LDFLAGS = (
					"$(inherited)",
					"-ObjC",
					"-lc++",
				);
				PRODUCT_BUNDLE_IDENTIFIER = tr.com.hifasoft.kiratakipasistan;
				PRODUCT_NAME = kiratakipasistan;
				SWIFT_OPTIMIZATION_LEVEL = "-Onone";
				SWIFT_VERSION = 5.0;
				VERSIONING_SYSTEM = "apple-generic";
			};
			name = Debug;
		};
		13B07F951A680F5B00A75B9A /* Release */ = {
			isa = XCBuildConfiguration;
			baseConfigurationReference = 1D654859E7B1C26D0F39107D /* Pods-kiratakipasistan.release.xcconfig */;
			buildSettings = {
				ASSETCATALOG_COMPILER_APPICON_NAME = AppIcon;
				CLANG_ENABLE_MODULES = YES;
				CODE_SIGN_ENTITLEMENTS = kiratakipasistan/kiratakipasistan.entitlements;
				CURRENT_PROJECT_VERSION = 1;
				INFOPLIST_FILE = kiratakipasistan/Info.plist;
				LD_RUNPATH_SEARCH_PATHS = "$(inherited) @executable_path/Frameworks";
				OTHER_LDFLAGS = (
					"$(inherited)",
					"-ObjC",
					"-lc++",
				);
				PRODUCT_BUNDLE_IDENTIFIER = tr.com.hifasoft.kiratakipasistan;
				PRODUCT_NAME = kiratakipasistan;
				SWIFT_VERSION = 5.0;
				VERSIONING_SYSTEM = "apple-generic";
			};
			name = Release;
		};
		2D02E4971E0B4A5E006451C7 /* Debug */ = {
			isa = XCBuildConfiguration;
			baseConfigurationReference = 478D580A54471374CB94A56E /* Pods-kiratakipasistan-tvOS.debug.xcconfig */;
			buildSettings = {
				ASSETCATALOG_COMPILER_APPICON_NAME = "App Icon & Top Shelf Image";
				ASSETCATALOG_COMPILER_LAUNCHIMAGE_NAME = LaunchImage;
				CLANG_ANALYZER_NONNULL = YES;
				CLANG_WARN_DOCUMENTATION_COMMENTS = YES;
				CLANG_WARN_INFINITE_RECURSION = YES;
				CLANG_WARN_SUSPICIOUS_MOVE = YES;
				DEBUG_INFORMATION_FORMAT = dwarf;
				ENABLE_TESTABILITY = YES;
				GCC_NO_COMMON_BLOCKS = YES;
				INFOPLIST_FILE = "kiratakipasistan-tvOS/Info.plist";
				LD_RUNPATH_SEARCH_PATHS = "$(inherited) @executable_path/Frameworks";
				OTHER_LDFLAGS = (
					"$(inherited)",
					"-ObjC",
					"-lc++",
				);
				PRODUCT_BUNDLE_IDENTIFIER = "org.reactjs.native.example.kiratakipasistan-tvOS";
				PRODUCT_NAME = "$(TARGET_NAME)";
				SDKROOT = appletvos;
				TARGETED_DEVICE_FAMILY = 3;
				TVOS_DEPLOYMENT_TARGET = 10.0;
			};
			name = Debug;
		};
		2D02E4981E0B4A5E006451C7 /* Release */ = {
			isa = XCBuildConfiguration;
			baseConfigurationReference = 1A2A50F8096728E0BA7BA76F /* Pods-kiratakipasistan-tvOS.release.xcconfig */;
			buildSettings = {
				ASSETCATALOG_COMPILER_APPICON_NAME = "App Icon & Top Shelf Image";
				ASSETCATALOG_COMPILER_LAUNCHIMAGE_NAME = LaunchImage;
				CLANG_ANALYZER_NONNULL = YES;
				CLANG_WARN_DOCUMENTATION_COMMENTS = YES;
				CLANG_WARN_INFINITE_RECURSION = YES;
				CLANG_WARN_SUSPICIOUS_MOVE = YES;
				COPY_PHASE_STRIP = NO;
				DEBUG_INFORMATION_FORMAT = "dwarf-with-dsym";
				GCC_NO_COMMON_BLOCKS = YES;
				INFOPLIST_FILE = "kiratakipasistan-tvOS/Info.plist";
				LD_RUNPATH_SEARCH_PATHS = "$(inherited) @executable_path/Frameworks";
				OTHER_LDFLAGS = (
					"$(inherited)",
					"-ObjC",
					"-lc++",
				);
				PRODUCT_BUNDLE_IDENTIFIER = "org.reactjs.native.example.kiratakipasistan-tvOS";
				PRODUCT_NAME = "$(TARGET_NAME)";
				SDKROOT = appletvos;
				TARGETED_DEVICE_FAMILY = 3;
				TVOS_DEPLOYMENT_TARGET = 10.0;
			};
			name = Release;
		};
		2D02E4991E0B4A5E006451C7 /* Debug */ = {
			isa = XCBuildConfiguration;
			baseConfigurationReference = BC8693EFFA4F6464D8A7A933 /* Pods-kiratakipasistan-tvOSTests.debug.xcconfig */;
			buildSettings = {
				BUNDLE_LOADER = "$(TEST_HOST)";
				CLANG_ANALYZER_NONNULL = YES;
				CLANG_WARN_DOCUMENTATION_COMMENTS = YES;
				CLANG_WARN_INFINITE_RECURSION = YES;
				CLANG_WARN_SUSPICIOUS_MOVE = YES;
				DEBUG_INFORMATION_FORMAT = dwarf;
				ENABLE_TESTABILITY = YES;
				GCC_NO_COMMON_BLOCKS = YES;
				INFOPLIST_FILE = "kiratakipasistan-tvOSTests/Info.plist";
				LD_RUNPATH_SEARCH_PATHS = "$(inherited) @executable_path/Frameworks @loader_path/Frameworks";
				OTHER_LDFLAGS = (
					"$(inherited)",
					"-ObjC",
					"-lc++",
				);
				PRODUCT_BUNDLE_IDENTIFIER = "org.reactjs.native.example.kiratakipasistan-tvOSTests";
				PRODUCT_NAME = "$(TARGET_NAME)";
				SDKROOT = appletvos;
				TEST_HOST = "$(BUILT_PRODUCTS_DIR)/kiratakipasistan-tvOS.app/kiratakipasistan-tvOS";
				TVOS_DEPLOYMENT_TARGET = 10.1;
			};
			name = Debug;
		};
		2D02E49A1E0B4A5E006451C7 /* Release */ = {
			isa = XCBuildConfiguration;
			baseConfigurationReference = 95F944F2FFA4E2D8D00758A1 /* Pods-kiratakipasistan-tvOSTests.release.xcconfig */;
			buildSettings = {
				BUNDLE_LOADER = "$(TEST_HOST)";
				CLANG_ANALYZER_NONNULL = YES;
				CLANG_WARN_DOCUMENTATION_COMMENTS = YES;
				CLANG_WARN_INFINITE_RECURSION = YES;
				CLANG_WARN_SUSPICIOUS_MOVE = YES;
				COPY_PHASE_STRIP = NO;
				DEBUG_INFORMATION_FORMAT = "dwarf-with-dsym";
				GCC_NO_COMMON_BLOCKS = YES;
				INFOPLIST_FILE = "kiratakipasistan-tvOSTests/Info.plist";
				LD_RUNPATH_SEARCH_PATHS = "$(inherited) @executable_path/Frameworks @loader_path/Frameworks";
				OTHER_LDFLAGS = (
					"$(inherited)",
					"-ObjC",
					"-lc++",
				);
				PRODUCT_BUNDLE_IDENTIFIER = "org.reactjs.native.example.kiratakipasistan-tvOSTests";
				PRODUCT_NAME = "$(TARGET_NAME)";
				SDKROOT = appletvos;
				TEST_HOST = "$(BUILT_PRODUCTS_DIR)/kiratakipasistan-tvOS.app/kiratakipasistan-tvOS";
				TVOS_DEPLOYMENT_TARGET = 10.1;
			};
			name = Release;
		};
		83CBBA201A601CBA00E9B192 /* Debug */ = {
			isa = XCBuildConfiguration;
			buildSettings = {
				ALWAYS_SEARCH_USER_PATHS = NO;
				CLANG_ANALYZER_LOCALIZABILITY_NONLOCALIZED = YES;
				CLANG_CXX_LANGUAGE_STANDARD = "gnu++0x";
				CLANG_CXX_LIBRARY = "libc++";
				CLANG_ENABLE_MODULES = YES;
				CLANG_ENABLE_OBJC_ARC = YES;
				CLANG_WARN_BLOCK_CAPTURE_AUTORELEASING = YES;
				CLANG_WARN_BOOL_CONVERSION = YES;
				CLANG_WARN_COMMA = YES;
				CLANG_WARN_CONSTANT_CONVERSION = YES;
				CLANG_WARN_DEPRECATED_OBJC_IMPLEMENTATIONS = YES;
				CLANG_WARN_DIRECT_OBJC_ISA_USAGE = YES_ERROR;
				CLANG_WARN_EMPTY_BODY = YES;
				CLANG_WARN_ENUM_CONVERSION = YES;
				CLANG_WARN_INFINITE_RECURSION = YES;
				CLANG_WARN_INT_CONVERSION = YES;
				CLANG_WARN_NON_LITERAL_NULL_CONVERSION = YES;
				CLANG_WARN_OBJC_IMPLICIT_RETAIN_SELF = YES;
				CLANG_WARN_OBJC_LITERAL_CONVERSION = YES;
				CLANG_WARN_OBJC_ROOT_CLASS = YES_ERROR;
				CLANG_WARN_RANGE_LOOP_ANALYSIS = YES;
				CLANG_WARN_STRICT_PROTOTYPES = YES;
				CLANG_WARN_SUSPICIOUS_MOVE = YES;
				CLANG_WARN_UNREACHABLE_CODE = YES;
				CLANG_WARN__DUPLICATE_METHOD_MATCH = YES;
				"CODE_SIGN_IDENTITY[sdk=iphoneos*]" = "iPhone Developer";
				COPY_PHASE_STRIP = NO;
				ENABLE_STRICT_OBJC_MSGSEND = YES;
				ENABLE_TESTABILITY = YES;
				GCC_C_LANGUAGE_STANDARD = gnu99;
				GCC_DYNAMIC_NO_PIC = NO;
				GCC_NO_COMMON_BLOCKS = YES;
				GCC_OPTIMIZATION_LEVEL = 0;
				GCC_PREPROCESSOR_DEFINITIONS = (
					"DEBUG=1",
					"$(inherited)",
				);
				GCC_SYMBOLS_PRIVATE_EXTERN = NO;
				GCC_WARN_64_TO_32_BIT_CONVERSION = YES;
				GCC_WARN_ABOUT_RETURN_TYPE = YES_ERROR;
				GCC_WARN_UNDECLARED_SELECTOR = YES;
				GCC_WARN_UNINITIALIZED_AUTOS = YES_AGGRESSIVE;
				GCC_WARN_UNUSED_FUNCTION = YES;
				GCC_WARN_UNUSED_VARIABLE = YES;
				IPHONEOS_DEPLOYMENT_TARGET = 10.0;
				LD_RUNPATH_SEARCH_PATHS = "/usr/lib/swift $(inherited)";
				LIBRARY_SEARCH_PATHS = (
					"\"$(TOOLCHAIN_DIR)/usr/lib/swift/$(PLATFORM_NAME)\"",
					"\"$(TOOLCHAIN_DIR)/usr/lib/swift-5.0/$(PLATFORM_NAME)\"",
					"\"$(inherited)\"",
				);
				MTL_ENABLE_DEBUG_INFO = YES;
				ONLY_ACTIVE_ARCH = YES;
				SDKROOT = iphoneos;
			};
			name = Debug;
		};
		83CBBA211A601CBA00E9B192 /* Release */ = {
			isa = XCBuildConfiguration;
			buildSettings = {
				ALWAYS_SEARCH_USER_PATHS = NO;
				CLANG_ANALYZER_LOCALIZABILITY_NONLOCALIZED = YES;
				CLANG_CXX_LANGUAGE_STANDARD = "gnu++0x";
				CLANG_CXX_LIBRARY = "libc++";
				CLANG_ENABLE_MODULES = YES;
				CLANG_ENABLE_OBJC_ARC = YES;
				CLANG_WARN_BLOCK_CAPTURE_AUTORELEASING = YES;
				CLANG_WARN_BOOL_CONVERSION = YES;
				CLANG_WARN_COMMA = YES;
				CLANG_WARN_CONSTANT_CONVERSION = YES;
				CLANG_WARN_DEPRECATED_OBJC_IMPLEMENTATIONS = YES;
				CLANG_WARN_DIRECT_OBJC_ISA_USAGE = YES_ERROR;
				CLANG_WARN_EMPTY_BODY = YES;
				CLANG_WARN_ENUM_CONVERSION = YES;
				CLANG_WARN_INFINITE_RECURSION = YES;
				CLANG_WARN_INT_CONVERSION = YES;
				CLANG_WARN_NON_LITERAL_NULL_CONVERSION = YES;
				CLANG_WARN_OBJC_IMPLICIT_RETAIN_SELF = YES;
				CLANG_WARN_OBJC_LITERAL_CONVERSION = YES;
				CLANG_WARN_OBJC_ROOT_CLASS = YES_ERROR;
				CLANG_WARN_RANGE_LOOP_ANALYSIS = YES;
				CLANG_WARN_STRICT_PROTOTYPES = YES;
				CLANG_WARN_SUSPICIOUS_MOVE = YES;
				CLANG_WARN_UNREACHABLE_CODE = YES;
				CLANG_WARN__DUPLICATE_METHOD_MATCH = YES;
				"CODE_SIGN_IDENTITY[sdk=iphoneos*]" = "iPhone Developer";
				COPY_PHASE_STRIP = YES;
				ENABLE_NS_ASSERTIONS = NO;
				ENABLE_STRICT_OBJC_MSGSEND = YES;
				GCC_C_LANGUAGE_STANDARD = gnu99;
				GCC_NO_COMMON_BLOCKS = YES;
				GCC_WARN_64_TO_32_BIT_CONVERSION = YES;
				GCC_WARN_ABOUT_RETURN_TYPE = YES_ERROR;
				GCC_WARN_UNDECLARED_SELECTOR = YES;
				GCC_WARN_UNINITIALIZED_AUTOS = YES_AGGRESSIVE;
				GCC_WARN_UNUSED_FUNCTION = YES;
				GCC_WARN_UNUSED_VARIABLE = YES;
				IPHONEOS_DEPLOYMENT_TARGET = 10.0;
				LD_RUNPATH_SEARCH_PATHS = "/usr/lib/swift $(inherited)";
				LIBRARY_SEARCH_PATHS = (
					"\"$(TOOLCHAIN_DIR)/usr/lib/swift/$(PLATFORM_NAME)\"",
					"\"$(TOOLCHAIN_DIR)/usr/lib/swift-5.0/$(PLATFORM_NAME)\"",
					"\"$(inherited)\"",
				);
				MTL_ENABLE_DEBUG_INFO = NO;
				SDKROOT = iphoneos;
				VALIDATE_PRODUCT = YES;
			};
			name = Release;
		};
/* End XCBuildConfiguration section */

/* Begin XCConfigurationList section */
		00E357021AD99517003FC87E /* Build configuration list for PBXNativeTarget "kiratakipasistanTests" */ = {
			isa = XCConfigurationList;
			buildConfigurations = (
				00E356F61AD99517003FC87E /* Debug */,
				00E356F71AD99517003FC87E /* Release */,
			);
			defaultConfigurationIsVisible = 0;
			defaultConfigurationName = Release;
		};
		13B07F931A680F5B00A75B9A /* Build configuration list for PBXNativeTarget "kiratakipasistan" */ = {
			isa = XCConfigurationList;
			buildConfigurations = (
				13B07F941A680F5B00A75B9A /* Debug */,
				13B07F951A680F5B00A75B9A /* Release */,
			);
			defaultConfigurationIsVisible = 0;
			defaultConfigurationName = Release;
		};
		2D02E4BA1E0B4A5E006451C7 /* Build configuration list for PBXNativeTarget "kiratakipasistan-tvOS" */ = {
			isa = XCConfigurationList;
			buildConfigurations = (
				2D02E4971E0B4A5E006451C7 /* Debug */,
				2D02E4981E0B4A5E006451C7 /* Release */,
			);
			defaultConfigurationIsVisible = 0;
			defaultConfigurationName = Release;
		};
		2D02E4BB1E0B4A5E006451C7 /* Build configuration list for PBXNativeTarget "kiratakipasistan-tvOSTests" */ = {
			isa = XCConfigurationList;
			buildConfigurations = (
				2D02E4991E0B4A5E006451C7 /* Debug */,
				2D02E49A1E0B4A5E006451C7 /* Release */,
			);
			defaultConfigurationIsVisible = 0;
			defaultConfigurationName = Release;
		};
		83CBB9FA1A601CBA00E9B192 /* Build configuration list for PBXProject "kiratakipasistan" */ = {
			isa = XCConfigurationList;
			buildConfigurations = (
				83CBBA201A601CBA00E9B192 /* Debug */,
				83CBBA211A601CBA00E9B192 /* Release */,
			);
			defaultConfigurationIsVisible = 0;
			defaultConfigurationName = Release;
		};
/* End XCConfigurationList section */
	};
	rootObject = 83CBB9F71A601CBA00E9B192 /* Project object */;
}
